// !$*UTF8*$!
{
	archiveVersion = 1;
	classes = {
	};
	objectVersion = 50;
	objects = {

/* Begin PBXBuildFile section */
		D65C454B2498860A0042E42E /* AppDelegate.m in Sources */ = {isa = PBXBuildFile; fileRef = D65C454A2498860A0042E42E /* AppDelegate.m */; };
		D65C454E2498860A0042E42E /* SceneDelegate.m in Sources */ = {isa = PBXBuildFile; fileRef = D65C454D2498860A0042E42E /* SceneDelegate.m */; };
		D65C45512498860A0042E42E /* ViewController.m in Sources */ = {isa = PBXBuildFile; fileRef = D65C45502498860A0042E42E /* ViewController.m */; };
		D65C45542498860A0042E42E /* Main.storyboard in Resources */ = {isa = PBXBuildFile; fileRef = D65C45522498860A0042E42E /* Main.storyboard */; };
		D65C45562498860C0042E42E /* Assets.xcassets in Resources */ = {isa = PBXBuildFile; fileRef = D65C45552498860C0042E42E /* Assets.xcassets */; };
		D65C45592498860C0042E42E /* LaunchScreen.storyboard in Resources */ = {isa = PBXBuildFile; fileRef = D65C45572498860C0042E42E /* LaunchScreen.storyboard */; };
		D65C455C2498860C0042E42E /* main.m in Sources */ = {isa = PBXBuildFile; fileRef = D65C455B2498860C0042E42E /* main.m */; };
/* End PBXBuildFile section */

/* Begin PBXFileReference section */
		D65C45462498860A0042E42E /* HYKJ.app */ = {isa = PBXFileReference; explicitFileType = wrapper.application; includeInIndex = 0; path = HYKJ.app; sourceTree = BUILT_PRODUCTS_DIR; };
		D65C45492498860A0042E42E /* AppDelegate.h */ = {isa = PBXFileReference; lastKnownFileType = sourcecode.c.h; path = AppDelegate.h; sourceTree = "<group>"; };
		D65C454A2498860A0042E42E /* AppDelegate.m */ = {isa = PBXFileReference; lastKnownFileType = sourcecode.c.objc; path = AppDelegate.m; sourceTree = "<group>"; };
		D65C454C2498860A0042E42E /* SceneDelegate.h */ = {isa = PBXFileReference; lastKnownFileType = sourcecode.c.h; path = SceneDelegate.h; sourceTree = "<group>"; };
		D65C454D2498860A0042E42E /* SceneDelegate.m */ = {isa = PBXFileReference; lastKnownFileType = sourcecode.c.objc; path = SceneDelegate.m; sourceTree = "<group>"; };
		D65C454F2498860A0042E42E /* ViewController.h */ = {isa = PBXFileReference; lastKnownFileType = sourcecode.c.h; path = ViewController.h; sourceTree = "<group>"; };
		D65C45502498860A0042E42E /* ViewController.m */ = {isa = PBXFileReference; lastKnownFileType = sourcecode.c.objc; path = ViewController.m; sourceTree = "<group>"; };
		D65C45532498860A0042E42E /* Base */ = {isa = PBXFileReference; lastKnownFileType = file.storyboard; name = Base; path = Base.lproj/Main.storyboard; sourceTree = "<group>"; };
		D65C45552498860C0042E42E /* Assets.xcassets */ = {isa = PBXFileReference; lastKnownFileType = folder.assetcatalog; path = Assets.xcassets; sourceTree = "<group>"; };
		D65C45582498860C0042E42E /* Base */ = {isa = PBXFileReference; lastKnownFileType = file.storyboard; name = Base; path = Base.lproj/LaunchScreen.storyboard; sourceTree = "<group>"; };
		D65C455A2498860C0042E42E /* Info.plist */ = {isa = PBXFileReference; lastKnownFileType = text.plist.xml; path = Info.plist; sourceTree = "<group>"; };
		D65C455B2498860C0042E42E /* main.m */ = {isa = PBXFileReference; lastKnownFileType = sourcecode.c.objc; path = main.m; sourceTree = "<group>"; };
/* End PBXFileReference section */

/* Begin PBXFrameworksBuildPhase section */
		D65C45432498860A0042E42E /* Frameworks */ = {
			isa = PBXFrameworksBuildPhase;
			buildActionMask = 2147483647;
			files = (
			);
			runOnlyForDeploymentPostprocessing = 0;
		};
/* End PBXFrameworksBuildPhase section */

/* Begin PBXGroup section */
		D65C453D2498860A0042E42E = {
			isa = PBXGroup;
			children = (
				D65C45482498860A0042E42E /* HYKJ */,
				D65C45472498860A0042E42E /* Products */,
			);
			sourceTree = "<group>";
		};
		D65C45472498860A0042E42E /* Products */ = {
			isa = PBXGroup;
			children = (
				D65C45462498860A0042E42E /* HYKJ.app */,
			);
			name = Products;
			sourceTree = "<group>";
		};
		D65C45482498860A0042E42E /* HYKJ */ = {
			isa = PBXGroup;
			children = (
				D65C45492498860A0042E42E /* AppDelegate.h */,
				D65C454A2498860A0042E42E /* AppDelegate.m */,
				D65C454C2498860A0042E42E /* SceneDelegate.h */,
				D65C454D2498860A0042E42E /* SceneDelegate.m */,
				D65C454F2498860A0042E42E /* ViewController.h */,
				D65C45502498860A0042E42E /* ViewController.m */,
				D65C45522498860A0042E42E /* Main.storyboard */,
				D65C45552498860C0042E42E /* Assets.xcassets */,
				D65C45572498860C0042E42E /* LaunchScreen.storyboard */,
				D65C455A2498860C0042E42E /* Info.plist */,
				D65C455B2498860C0042E42E /* main.m */,
			);
			path = HYKJ;
			sourceTree = "<group>";
		};
/* End PBXGroup section */

/* Begin PBXNativeTarget section */
		D65C45452498860A0042E42E /* HYKJ */ = {
			isa = PBXNativeTarget;
			buildConfigurationList = D65C455F2498860C0042E42E /* Build configuration list for PBXNativeTarget "HYKJ" */;
			buildPhases = (
				D65C45422498860A0042E42E /* Sources */,
				D65C45432498860A0042E42E /* Frameworks */,
				D65C45442498860A0042E42E /* Resources */,
			);
			buildRules = (
			);
			dependencies = (
			);
			name = HYKJ;
			productName = HYKJ;
			productReference = D65C45462498860A0042E42E /* HYKJ.app */;
			productType = "com.apple.product-type.application";
		};
/* End PBXNativeTarget section */

/* Begin PBXProject section */
		D65C453E2498860A0042E42E /* Project object */ = {
			isa = PBXProject;
			attributes = {
				LastUpgradeCheck = 1140;
				ORGANIZATIONNAME = hongyan;
				TargetAttributes = {
					D65C45452498860A0042E42E = {
						CreatedOnToolsVersion = 11.4.1;
					};
				};
			};
			buildConfigurationList = D65C45412498860A0042E42E /* Build configuration list for PBXProject "HYKJ" */;
			compatibilityVersion = "Xcode 9.3";
			developmentRegion = en;
			hasScannedForEncodings = 0;
			knownRegions = (
				en,
				Base,
			);
			mainGroup = D65C453D2498860A0042E42E;
			productRefGroup = D65C45472498860A0042E42E /* Products */;
			projectDirPath = "";
			projectRoot = "";
			targets = (
				D65C45452498860A0042E42E /* HYKJ */,
			);
		};
/* End PBXProject section */

/* Begin PBXResourcesBuildPhase section */
		D65C45442498860A0042E42E /* Resources */ = {
			isa = PBXResourcesBuildPhase;
			buildActionMask = 2147483647;
			files = (
				D65C45592498860C0042E42E /* LaunchScreen.storyboard in Resources */,
				D65C45562498860C0042E42E /* Assets.xcassets in Resources */,
				D65C45542498860A0042E42E /* Main.storyboard in Resources */,
			);
			runOnlyForDeploymentPostprocessing = 0;
		};
/* End PBXResourcesBuildPhase section */

/* Begin PBXSourcesBuildPhase section */
		D65C45422498860A0042E42E /* Sources */ = {
			isa = PBXSourcesBuildPhase;
			buildActionMask = 2147483647;
			files = (
				D65C45512498860A0042E42E /* ViewController.m in Sources */,
				D65C454B2498860A0042E42E /* AppDelegate.m in Sources */,
				D65C455C2498860C0042E42E /* main.m in Sources */,
				D65C454E2498860A0042E42E /* SceneDelegate.m in Sources */,
			);
			runOnlyForDeploymentPostprocessing = 0;
		};
/* End PBXSourcesBuildPhase section */

/* Begin PBXVariantGroup section */
		D65C45522498860A0042E42E /* Main.storyboard */ = {
			isa = PBXVariantGroup;
			children = (
				D65C45532498860A0042E42E /* Base */,
			);
			name = Main.storyboard;
			sourceTree = "<group>";
		};
		D65C45572498860C0042E42E /* LaunchScreen.storyboard */ = {
			isa = PBXVariantGroup;
			children = (
				D65C45582498860C0042E42E /* Base */,
			);
			name = LaunchScreen.storyboard;
			sourceTree = "<group>";
		};
/* End PBXVariantGroup section */

/* Begin XCBuildConfiguration section */
		D65C455D2498860C0042E42E /* Debug */ = {
			isa = XCBuildConfiguration;
			buildSettings = {
				ALWAYS_SEARCH_USER_PATHS = NO;
				CLANG_ANALYZER_NONNULL = YES;
				CLANG_ANALYZER_NUMBER_OBJECT_CONVERSION = YES_AGGRESSIVE;
				CLANG_CXX_LANGUAGE_STANDARD = "gnu++14";
				CLANG_CXX_LIBRARY = "libc++";
				CLANG_ENABLE_MODULES = YES;
				CLANG_ENABLE_OBJC_ARC = YES;
				CLANG_ENABLE_OBJC_WEAK = YES;
				CLANG_WARN_BLOCK_CAPTURE_AUTORELEASING = YES;
				CLANG_WARN_BOOL_CONVERSION = YES;
				CLANG_WARN_COMMA = YES;
				CLANG_WARN_CONSTANT_CONVERSION = YES;
				CLANG_WARN_DEPRECATED_OBJC_IMPLEMENTATIONS = YES;
				CLANG_WARN_DIRECT_OBJC_ISA_USAGE = YES_ERROR;
				CLANG_WARN_DOCUMENTATION_COMMENTS = YES;
				CLANG_WARN_EMPTY_BODY = YES;
				CLANG_WARN_ENUM_CONVERSION = YES;
				CLANG_WARN_INFINITE_RECURSION = YES;
				CLANG_WARN_INT_CONVERSION = YES;
				CLANG_WARN_NON_LITERAL_NULL_CONVERSION = YES;
				CLANG_WARN_OBJC_IMPLICIT_RETAIN_SELF = YES;
				CLANG_WARN_OBJC_LITERAL_CONVERSION = YES;
				CLANG_WARN_OBJC_ROOT_CLASS = YES_ERROR;
				CLANG_WARN_RANGE_LOOP_ANALYSIS = YES;
				CLANG_WARN_STRICT_PROTOTYPES = YES;
				CLANG_WARN_SUSPICIOUS_MOVE = YES;
				CLANG_WARN_UNGUARDED_AVAILABILITY = YES_AGGRESSIVE;
				CLANG_WARN_UNREACHABLE_CODE = YES;
				CLANG_WARN__DUPLICATE_METHOD_MATCH = YES;
				COPY_PHASE_STRIP = NO;
				DEBUG_INFORMATION_FORMAT = dwarf;
				ENABLE_STRICT_OBJC_MSGSEND = YES;
				ENABLE_TESTABILITY = YES;
				GCC_C_LANGUAGE_STANDARD = gnu11;
				GCC_DYNAMIC_NO_PIC = NO;
				GCC_NO_COMMON_BLOCKS = YES;
				GCC_OPTIMIZATION_LEVEL = 0;
				GCC_PREPROCESSOR_DEFINITIONS = (
					"DEBUG=1",
					"$(inherited)",
				);
				GCC_WARN_64_TO_32_BIT_CONVERSION = YES;
				GCC_WARN_ABOUT_RETURN_TYPE = YES_ERROR;
				GCC_WARN_UNDECLARED_SELECTOR = YES;
				GCC_WARN_UNINITIALIZED_AUTOS = YES_AGGRESSIVE;
				GCC_WARN_UNUSED_FUNCTION = YES;
				GCC_WARN_UNUSED_VARIABLE = YES;
				IPHONEOS_DEPLOYMENT_TARGET = 13.4;
				MTL_ENABLE_DEBUG_INFO = INCLUDE_SOURCE;
				MTL_FAST_MATH = YES;
				ONLY_ACTIVE_ARCH = YES;
				SDKROOT = iphoneos;
			};
			name = Debug;
		};
		D65C455E2498860C0042E42E /* Release */ = {
			isa = XCBuildConfiguration;
			buildSettings = {
				ALWAYS_SEARCH_USER_PATHS = NO;
				CLANG_ANALYZER_NONNULL = YES;
				CLANG_ANALYZER_NUMBER_OBJECT_CONVERSION = YES_AGGRESSIVE;
				CLANG_CXX_LANGUAGE_STANDARD = "gnu++14";
				CLANG_CXX_LIBRARY = "libc++";
				CLANG_ENABLE_MODULES = YES;
				CLANG_ENABLE_OBJC_ARC = YES;
				CLANG_ENABLE_OBJC_WEAK = YES;
				CLANG_WARN_BLOCK_CAPTURE_AUTORELEASING = YES;
				CLANG_WARN_BOOL_CONVERSION = YES;
				CLANG_WARN_COMMA = YES;
				CLANG_WARN_CONSTANT_CONVERSION = YES;
				CLANG_WARN_DEPRECATED_OBJC_IMPLEMENTATIONS = YES;
				CLANG_WARN_DIRECT_OBJC_ISA_USAGE = YES_ERROR;
				CLANG_WARN_DOCUMENTATION_COMMENTS = YES;
				CLANG_WARN_EMPTY_BODY = YES;
				CLANG_WARN_ENUM_CONVERSION = YES;
				CLANG_WARN_INFINITE_RECURSION = YES;
				CLANG_WARN_INT_CONVERSION = YES;
				CLANG_WARN_NON_LITERAL_NULL_CONVERSION = YES;
				CLANG_WARN_OBJC_IMPLICIT_RETAIN_SELF = YES;
				CLANG_WARN_OBJC_LITERAL_CONVERSION = YES;
				CLANG_WARN_OBJC_ROOT_CLASS = YES_ERROR;
				CLANG_WARN_RANGE_LOOP_ANALYSIS = YES;
				CLANG_WARN_STRICT_PROTOTYPES = YES;
				CLANG_WARN_SUSPICIOUS_MOVE = YES;
				CLANG_WARN_UNGUARDED_AVAILABILITY = YES_AGGRESSIVE;
				CLANG_WARN_UNREACHABLE_CODE = YES;
				CLANG_WARN__DUPLICATE_METHOD_MATCH = YES;
				COPY_PHASE_STRIP = NO;
				DEBUG_INFORMATION_FORMAT = "dwarf-with-dsym";
				ENABLE_NS_ASSERTIONS = NO;
				ENABLE_STRICT_OBJC_MSGSEND = YES;
				GCC_C_LANGUAGE_STANDARD = gnu11;
				GCC_NO_COMMON_BLOCKS = YES;
				GCC_WARN_64_TO_32_BIT_CONVERSION = YES;
				GCC_WARN_ABOUT_RETURN_TYPE = YES_ERROR;
				GCC_WARN_UNDECLARED_SELECTOR = YES;
				GCC_WARN_UNINITIALIZED_AUTOS = YES_AGGRESSIVE;
				GCC_WARN_UNUSED_FUNCTION = YES;
				GCC_WARN_UNUSED_VARIABLE = YES;
				IPHONEOS_DEPLOYMENT_TARGET = 13.4;
				MTL_ENABLE_DEBUG_INFO = NO;
				MTL_FAST_MATH = YES;
				SDKROOT = iphoneos;
				VALIDATE_PRODUCT = YES;
			};
			name = Release;
		};
		D65C45602498860C0042E42E /* Debug */ = {
			isa = XCBuildConfiguration;
			buildSettings = {
				ASSETCATALOG_COMPILER_APPICON_NAME = AppIcon;
				CODE_SIGN_STYLE = Automatic;
				DEVELOPMENT_TEAM = 8Y6S2469TB;
				INFOPLIST_FILE = HYKJ/Info.plist;
				LD_RUNPATH_SEARCH_PATHS = (
					"$(inherited)",
					"@executable_path/Frameworks",
				);
				PRODUCT_BUNDLE_IDENTIFIER = com.hongyan.HYKJ;
				PRODUCT_NAME = "$(TARGET_NAME)";
				TARGETED_DEVICE_FAMILY = "1,2";
			};
			name = Debug;
		};
		D65C45612498860C0042E42E /* Release */ = {
			isa = XCBuildConfiguration;
			buildSettings = {
				ASSETCATALOG_COMPILER_APPICON_NAME = AppIcon;
				CODE_SIGN_STYLE = Automatic;
				DEVELOPMENT_TEAM = 8Y6S2469TB;
				INFOPLIST_FILE = HYKJ/Info.plist;
				LD_RUNPATH_SEARCH_PATHS = (
					"$(inherited)",
					"@executable_path/Frameworks",
				);
				PRODUCT_BUNDLE_IDENTIFIER = com.hongyan.HYKJ;
				PRODUCT_NAME = "$(TARGET_NAME)";
				TARGETED_DEVICE_FAMILY = "1,2";
			};
			name = Release;
		};
/* End XCBuildConfiguration section */

/* Begin XCConfigurationList section */
		D65C45412498860A0042E42E /* Build configuration list for PBXProject "HYKJ" */ = {
			isa = XCConfigurationList;
			buildConfigurations = (
				D65C455D2498860C0042E42E /* Debug */,
				D65C455E2498860C0042E42E /* Release */,
			);
			defaultConfigurationIsVisible = 0;
			defaultConfigurationName = Release;
		};
		D65C455F2498860C0042E42E /* Build configuration list for PBXNativeTarget "HYKJ" */ = {
			isa = XCConfigurationList;
			buildConfigurations = (
				D65C45602498860C0042E42E /* Debug */,
				D65C45612498860C0042E42E /* Release */,
			);
			defaultConfigurationIsVisible = 0;
			defaultConfigurationName = Release;
		};
/* End XCConfigurationList section */
	};
	rootObject = D65C453E2498860A0042E42E /* Project object */;
}
