// !$*UTF8*$!
{
	archiveVersion = 1;
	classes = {
	};
	objectVersion = 51;
	objects = {

/* Begin PBXBuildFile section */
		01EB766E268C79E528565D2F /* Pods_HYKJ.framework in Frameworks */ = {isa = PBXBuildFile; fileRef = F77620CDDA0D65D619E04FC8 /* Pods_HYKJ.framework */; };
		D637693224B3F91A00A23672 /* KJCategroyViewController.m in Sources */ = {isa = PBXBuildFile; fileRef = D637693124B3F91A00A23672 /* KJCategroyViewController.m */; };
		D637693524B3F92F00A23672 /* KJCartViewController.m in Sources */ = {isa = PBXBuildFile; fileRef = D637693424B3F92F00A23672 /* KJCartViewController.m */; };
		D637693724B478BC00A23672 /* order.plist in Resources */ = {isa = PBXBuildFile; fileRef = D637693624B478BB00A23672 /* order.plist */; };
		D637693924B47AC300A23672 /* service.plist in Resources */ = {isa = PBXBuildFile; fileRef = D637693824B47AC300A23672 /* service.plist */; };
		D63A942B249F81E800DF546C /* KJLoginViewController.m in Sources */ = {isa = PBXBuildFile; fileRef = D63A942A249F81E800DF546C /* KJLoginViewController.m */; };
		D63A942F249F82DD00DF546C /* KJLoginHeaderView.m in Sources */ = {isa = PBXBuildFile; fileRef = D63A942E249F82DD00DF546C /* KJLoginHeaderView.m */; };
		D63A9432249F8F9200DF546C /* KJLoginFooterView.m in Sources */ = {isa = PBXBuildFile; fileRef = D63A9431249F8F9200DF546C /* KJLoginFooterView.m */; };
		D63A9435249F978400DF546C /* KJPasswordLoginView.m in Sources */ = {isa = PBXBuildFile; fileRef = D63A9434249F978400DF546C /* KJPasswordLoginView.m */; };
		D63A9438249F986200DF546C /* KJLoginParam.m in Sources */ = {isa = PBXBuildFile; fileRef = D63A9437249F986200DF546C /* KJLoginParam.m */; };
		D63CCA0224E522C000D8815F /* KJDaoKuanViewController.m in Sources */ = {isa = PBXBuildFile; fileRef = D63CCA0124E522C000D8815F /* KJDaoKuanViewController.m */; };
		D654F7322498DF7C002F66A3 /* KJHttpTool.m in Sources */ = {isa = PBXBuildFile; fileRef = D654F7312498DF7C002F66A3 /* KJHttpTool.m */; };
		D65C454B2498860A0042E42E /* AppDelegate.m in Sources */ = {isa = PBXBuildFile; fileRef = D65C454A2498860A0042E42E /* AppDelegate.m */; };
		D65C45542498860A0042E42E /* Main.storyboard in Resources */ = {isa = PBXBuildFile; fileRef = D65C45522498860A0042E42E /* Main.storyboard */; };
		D65C45562498860C0042E42E /* Images.xcassets in Resources */ = {isa = PBXBuildFile; fileRef = D65C45552498860C0042E42E /* Images.xcassets */; };
		D65C45592498860C0042E42E /* LaunchScreen.storyboard in Resources */ = {isa = PBXBuildFile; fileRef = D65C45572498860C0042E42E /* LaunchScreen.storyboard */; };
		D65C455C2498860C0042E42E /* main.m in Sources */ = {isa = PBXBuildFile; fileRef = D65C455B2498860C0042E42E /* main.m */; };
		D65C542024E2C36A00001C9E /* TDGridItem.m in Sources */ = {isa = PBXBuildFile; fileRef = D65C541924E2C36A00001C9E /* TDGridItem.m */; };
		D65C542124E2C36A00001C9E /* TDGoodsGridCell.m in Sources */ = {isa = PBXBuildFile; fileRef = D65C541A24E2C36A00001C9E /* TDGoodsGridCell.m */; };
		D65C542224E2C36A00001C9E /* TDCenterServiceCell.xib in Resources */ = {isa = PBXBuildFile; fileRef = D65C541E24E2C36A00001C9E /* TDCenterServiceCell.xib */; };
		D65C542324E2C36A00001C9E /* TDCenterServiceCell.m in Sources */ = {isa = PBXBuildFile; fileRef = D65C541F24E2C36A00001C9E /* TDCenterServiceCell.m */; };
		D668D7B424B1C15400AE36BB /* KJCenterTopToolView.m in Sources */ = {isa = PBXBuildFile; fileRef = D668D7B324B1C15400AE36BB /* KJCenterTopToolView.m */; };
		D668D7BA24B1C7E600AE36BB /* KJScanViewController.m in Sources */ = {isa = PBXBuildFile; fileRef = D668D7B924B1C7E600AE36BB /* KJScanViewController.m */; };
		D668D7C924B1CA4000AE36BB /* LBXAlertAction.m in Sources */ = {isa = PBXBuildFile; fileRef = D668D7BC24B1CA3F00AE36BB /* LBXAlertAction.m */; };
		D668D7CA24B1CA4000AE36BB /* KJScanResultViewController.m in Sources */ = {isa = PBXBuildFile; fileRef = D668D7BD24B1CA3F00AE36BB /* KJScanResultViewController.m */; };
		D668D7CB24B1CA4000AE36BB /* UIWindow+LBXHierarchy.m in Sources */ = {isa = PBXBuildFile; fileRef = D668D7C324B1CA3F00AE36BB /* UIWindow+LBXHierarchy.m */; };
		D668D7CC24B1CA4000AE36BB /* UIActionSheet+LBXAlertAction.m in Sources */ = {isa = PBXBuildFile; fileRef = D668D7C424B1CA3F00AE36BB /* UIActionSheet+LBXAlertAction.m */; };
		D668D7CD24B1CA4000AE36BB /* UIAlertView+LBXAlertAction.m in Sources */ = {isa = PBXBuildFile; fileRef = D668D7C524B1CA3F00AE36BB /* UIAlertView+LBXAlertAction.m */; };
		D668D7CE24B1CA4000AE36BB /* UIAlertController+supportedInterfaceOrientations.m in Sources */ = {isa = PBXBuildFile; fileRef = D668D7C624B1CA3F00AE36BB /* UIAlertController+supportedInterfaceOrientations.m */; };
		D668D7D124B1D00300AE36BB /* KJStyleDIY.m in Sources */ = {isa = PBXBuildFile; fileRef = D668D7D024B1D00300AE36BB /* KJStyleDIY.m */; };
		D668D7E224B1D42900AE36BB /* SPSettingViewController.m in Sources */ = {isa = PBXBuildFile; fileRef = D668D7D724B1D42800AE36BB /* SPSettingViewController.m */; };
		D668D7E324B1D42900AE36BB /* SPSettingTableViewCell.m in Sources */ = {isa = PBXBuildFile; fileRef = D668D7D924B1D42800AE36BB /* SPSettingTableViewCell.m */; };
		D668D7E424B1D42900AE36BB /* SPSettingTopView.xib in Resources */ = {isa = PBXBuildFile; fileRef = D668D7DC24B1D42900AE36BB /* SPSettingTopView.xib */; };
		D668D7E524B1D42900AE36BB /* SPSettingTopView.m in Sources */ = {isa = PBXBuildFile; fileRef = D668D7DD24B1D42900AE36BB /* SPSettingTopView.m */; };
		D668D7E624B1D42900AE36BB /* SPUpDownButton.m in Sources */ = {isa = PBXBuildFile; fileRef = D668D7DF24B1D42900AE36BB /* SPUpDownButton.m */; };
		D668D7E724B1D42900AE36BB /* SPSettingTableViewCell.xib in Resources */ = {isa = PBXBuildFile; fileRef = D668D7E024B1D42900AE36BB /* SPSettingTableViewCell.xib */; };
		D668D7EB24B1D53C00AE36BB /* UIView+SPExtension.m in Sources */ = {isa = PBXBuildFile; fileRef = D668D7EA24B1D53C00AE36BB /* UIView+SPExtension.m */; };
		D668D7F024B1D6DC00AE36BB /* SPAboutMeViewController.m in Sources */ = {isa = PBXBuildFile; fileRef = D668D7ED24B1D6DC00AE36BB /* SPAboutMeViewController.m */; };
		D668D7F124B1D6DC00AE36BB /* SPAboutMeViewController.xib in Resources */ = {isa = PBXBuildFile; fileRef = D668D7EF24B1D6DC00AE36BB /* SPAboutMeViewController.xib */; };
		D668D7F524B1D7C000AE36BB /* SPSpeedy.m in Sources */ = {isa = PBXBuildFile; fileRef = D668D7F324B1D7C000AE36BB /* SPSpeedy.m */; };
		D668D7FC24B1D9B300AE36BB /* LxGridViewFlowLayout.m in Sources */ = {isa = PBXBuildFile; fileRef = D668D7FB24B1D9B300AE36BB /* LxGridViewFlowLayout.m */; };
		D668D7FF24B1E1C100AE36BB /* TZTestCell.m in Sources */ = {isa = PBXBuildFile; fileRef = D668D7FD24B1E1C100AE36BB /* TZTestCell.m */; };
		D668D80324B1F3F600AE36BB /* SPPersonCenterHeaderView.xib in Resources */ = {isa = PBXBuildFile; fileRef = D668D80024B1F3F500AE36BB /* SPPersonCenterHeaderView.xib */; };
		D668D80424B1F3F600AE36BB /* SPPersonCenterHeaderView.m in Sources */ = {isa = PBXBuildFile; fileRef = D668D80124B1F3F500AE36BB /* SPPersonCenterHeaderView.m */; };
		D668D81424B1F8B800AE36BB /* DCStateItem.m in Sources */ = {isa = PBXBuildFile; fileRef = D668D81324B1F8B800AE36BB /* DCStateItem.m */; };
		D668D82C24B1FEE600AE36BB /* DCTitleRolling.m in Sources */ = {isa = PBXBuildFile; fileRef = D668D82A24B1FEE600AE36BB /* DCTitleRolling.m */; };
		D668D82D24B1FEE600AE36BB /* UIView+DCRolling.m in Sources */ = {isa = PBXBuildFile; fileRef = D668D82B24B1FEE600AE36BB /* UIView+DCRolling.m */; };
		D668D83024B1FF2200AE36BB /* UIColor+DCColorChange.m in Sources */ = {isa = PBXBuildFile; fileRef = D668D82E24B1FF2100AE36BB /* UIColor+DCColorChange.m */; };
		D668D85C24B2073D00AE36BB /* DCStateItemCell.xib in Resources */ = {isa = PBXBuildFile; fileRef = D668D85724B2073B00AE36BB /* DCStateItemCell.xib */; };
		D668D85D24B2073D00AE36BB /* DCStateItemFooterView.m in Sources */ = {isa = PBXBuildFile; fileRef = D668D85824B2073C00AE36BB /* DCStateItemFooterView.m */; };
		D668D85E24B2073D00AE36BB /* DCCenterItemCell.m in Sources */ = {isa = PBXBuildFile; fileRef = D668D85924B2073C00AE36BB /* DCCenterItemCell.m */; };
		D668D85F24B2073D00AE36BB /* DCStateItemCell.m in Sources */ = {isa = PBXBuildFile; fileRef = D668D85A24B2073D00AE36BB /* DCStateItemCell.m */; };
		D668D86724B207CE00AE36BB /* DCCenterServiceCell.m in Sources */ = {isa = PBXBuildFile; fileRef = D668D86224B207CC00AE36BB /* DCCenterServiceCell.m */; };
		D668D86824B207CE00AE36BB /* DCGridItem.m in Sources */ = {isa = PBXBuildFile; fileRef = D668D86424B207CD00AE36BB /* DCGridItem.m */; };
		D668D86924B207CE00AE36BB /* DCGoodsGridCell.m in Sources */ = {isa = PBXBuildFile; fileRef = D668D86524B207CD00AE36BB /* DCGoodsGridCell.m */; };
		D668D86A24B207CE00AE36BB /* DCCenterServiceCell.xib in Resources */ = {isa = PBXBuildFile; fileRef = D668D86624B207CE00AE36BB /* DCCenterServiceCell.xib */; };
		D66A3F592499B75900AF10F5 /* KJTabBarController.m in Sources */ = {isa = PBXBuildFile; fileRef = D66A3F582499B75900AF10F5 /* KJTabBarController.m */; };
		D66A3F622499D8CC00AF10F5 /* KJNavigationController.m in Sources */ = {isa = PBXBuildFile; fileRef = D66A3F612499D8CC00AF10F5 /* KJNavigationController.m */; };
		D66A3F662499E22500AF10F5 /* ATAppUpdater.m in Sources */ = {isa = PBXBuildFile; fileRef = D66A3F642499E22500AF10F5 /* ATAppUpdater.m */; };
		D66A3F6C2499E61400AF10F5 /* KJLoginResult.m in Sources */ = {isa = PBXBuildFile; fileRef = D66A3F6B2499E61400AF10F5 /* KJLoginResult.m */; };
		D66A3F702499E90D00AF10F5 /* KJAccountTool.m in Sources */ = {isa = PBXBuildFile; fileRef = D66A3F6F2499E90D00AF10F5 /* KJAccountTool.m */; };
		D66B246724ED2455009D48CF /* KJKuCunTableViewCell.m in Sources */ = {isa = PBXBuildFile; fileRef = D66B246524ED2455009D48CF /* KJKuCunTableViewCell.m */; };
		D66B246824ED2455009D48CF /* KJKuCunTableViewCell.xib in Resources */ = {isa = PBXBuildFile; fileRef = D66B246624ED2455009D48CF /* KJKuCunTableViewCell.xib */; };
		D66CCB3024B2F4A70038CCE7 /* MyCenterFlow.plist in Resources */ = {isa = PBXBuildFile; fileRef = D66CCB2E24B2F4A70038CCE7 /* MyCenterFlow.plist */; };
		D66CCB3124B2F4A70038CCE7 /* MyServiceFlow.plist in Resources */ = {isa = PBXBuildFile; fileRef = D66CCB2F24B2F4A70038CCE7 /* MyServiceFlow.plist */; };
		D66D2A5324E8B9C700DA0E42 /* KJDatePickerView.m in Sources */ = {isa = PBXBuildFile; fileRef = D66D2A5224E8B9C700DA0E42 /* KJDatePickerView.m */; };
		D66D2A5524E8B9FD00DA0E42 /* KJDatePickerView.xib in Resources */ = {isa = PBXBuildFile; fileRef = D66D2A5424E8B9FD00DA0E42 /* KJDatePickerView.xib */; };
		D66D2A5B24E8C78500DA0E42 /* KJCoverView.m in Sources */ = {isa = PBXBuildFile; fileRef = D66D2A5A24E8C78500DA0E42 /* KJCoverView.m */; };
		D66D848024B5CC3300B34335 /* KJBrowseViewController.m in Sources */ = {isa = PBXBuildFile; fileRef = D66D847F24B5CC3300B34335 /* KJBrowseViewController.m */; };
		D66DEDDA24EA0F29009D8C96 /* KJCyResult.m in Sources */ = {isa = PBXBuildFile; fileRef = D66DEDD924EA0F29009D8C96 /* KJCyResult.m */; };
		D66DEDDD24EA2F1A009D8C96 /* KJDataPickerView.m in Sources */ = {isa = PBXBuildFile; fileRef = D66DEDDC24EA2F1A009D8C96 /* KJDataPickerView.m */; };
		D66DEDDF24EA2F40009D8C96 /* KJDataPickerView.xib in Resources */ = {isa = PBXBuildFile; fileRef = D66DEDDE24EA2F40009D8C96 /* KJDataPickerView.xib */; };
		D66E369C24E385D300EEE2C7 /* business.plist in Resources */ = {isa = PBXBuildFile; fileRef = D66E369B24E385D300EEE2C7 /* business.plist */; };
		D66EF57B24E669C800E4CC3E /* KJDaoKuanTableHeaderView.m in Sources */ = {isa = PBXBuildFile; fileRef = D66EF57A24E669C800E4CC3E /* KJDaoKuanTableHeaderView.m */; };
		D66EF57D24E669D500E4CC3E /* KJDaoKuanTableHeaderView.xib in Resources */ = {isa = PBXBuildFile; fileRef = D66EF57C24E669D500E4CC3E /* KJDaoKuanTableHeaderView.xib */; };
		D66EF59424E6897300E4CC3E /* KJDaoKuanSearchView.m in Sources */ = {isa = PBXBuildFile; fileRef = D66EF59324E6897300E4CC3E /* KJDaoKuanSearchView.m */; };
		D66EF59624E6899700E4CC3E /* KJDaoKuanSearchView.xib in Resources */ = {isa = PBXBuildFile; fileRef = D66EF59524E6899700E4CC3E /* KJDaoKuanSearchView.xib */; };
		D66EF59924E69BF800E4CC3E /* CALayer+SPCustomerCALayer.m in Sources */ = {isa = PBXBuildFile; fileRef = D66EF59724E69BF700E4CC3E /* CALayer+SPCustomerCALayer.m */; };
		D679D86224AAF6D5004F1463 /* KJConsts.m in Sources */ = {isa = PBXBuildFile; fileRef = D679D86124AAF6D5004F1463 /* KJConsts.m */; };
		D6A9A97824E56A040073E932 /* KJDaoKuanTableViewCell.m in Sources */ = {isa = PBXBuildFile; fileRef = D6A9A97624E56A040073E932 /* KJDaoKuanTableViewCell.m */; };
		D6A9A97924E56A040073E932 /* KJDaoKuanTableViewCell.xib in Resources */ = {isa = PBXBuildFile; fileRef = D6A9A97724E56A040073E932 /* KJDaoKuanTableViewCell.xib */; };
		D6A9A97C24E5748F0073E932 /* KJLongTextScrollView.m in Sources */ = {isa = PBXBuildFile; fileRef = D6A9A97B24E5748F0073E932 /* KJLongTextScrollView.m */; };
		D6B9E8FA24EB6EEA00686E42 /* KJDaokuanParam.m in Sources */ = {isa = PBXBuildFile; fileRef = D6B9E8F924EB6EEA00686E42 /* KJDaokuanParam.m */; };
		D6B9E8FD24EB71C200686E42 /* KJDaokuanTool.m in Sources */ = {isa = PBXBuildFile; fileRef = D6B9E8FC24EB71C200686E42 /* KJDaokuanTool.m */; };
		D6B9E90024EB7AD900686E42 /* KJDaokuanResult.m in Sources */ = {isa = PBXBuildFile; fileRef = D6B9E8FF24EB7AD900686E42 /* KJDaokuanResult.m */; };
		D6B9E90324EB7BA800686E42 /* KJDaokuan.m in Sources */ = {isa = PBXBuildFile; fileRef = D6B9E90224EB7BA800686E42 /* KJDaokuan.m */; };
		D6B9E90B24EBCE2000686E42 /* KJKuCunViewController.m in Sources */ = {isa = PBXBuildFile; fileRef = D6B9E90A24EBCE2000686E42 /* KJKuCunViewController.m */; };
		D6B9E90E24EBCE8B00686E42 /* KJKuCunSearchView.m in Sources */ = {isa = PBXBuildFile; fileRef = D6B9E90D24EBCE8B00686E42 /* KJKuCunSearchView.m */; };
		D6B9E91124EBD1E400686E42 /* KJKuCunParam.m in Sources */ = {isa = PBXBuildFile; fileRef = D6B9E91024EBD1E400686E42 /* KJKuCunParam.m */; };
		D6B9E91424EBD22000686E42 /* KJKuCunTool.m in Sources */ = {isa = PBXBuildFile; fileRef = D6B9E91324EBD22000686E42 /* KJKuCunTool.m */; };
		D6B9E91724EBD27200686E42 /* KJKuCunResult.m in Sources */ = {isa = PBXBuildFile; fileRef = D6B9E91624EBD27200686E42 /* KJKuCunResult.m */; };
		D6B9E91A24EBD4BE00686E42 /* KJKuCun.m in Sources */ = {isa = PBXBuildFile; fileRef = D6B9E91924EBD4BE00686E42 /* KJKuCun.m */; };
		D6B9E91D24EBD5CE00686E42 /* KJKuCunTableHeaderView.m in Sources */ = {isa = PBXBuildFile; fileRef = D6B9E91C24EBD5CE00686E42 /* KJKuCunTableHeaderView.m */; };
		D6B9E91F24EBD5E600686E42 /* KJKuCunTableHeaderView.xib in Resources */ = {isa = PBXBuildFile; fileRef = D6B9E91E24EBD5E600686E42 /* KJKuCunTableHeaderView.xib */; };
		D6B9E92124EBDAE400686E42 /* KJKuCunSearchView.xib in Resources */ = {isa = PBXBuildFile; fileRef = D6B9E92024EBDAE400686E42 /* KJKuCunSearchView.xib */; };
		D6BAF52024A763C8004B24AA /* KJLoginTool.m in Sources */ = {isa = PBXBuildFile; fileRef = D6BAF51F24A763C8004B24AA /* KJLoginTool.m */; };
		D6BAF52324A78119004B24AA /* KJHYTool.m in Sources */ = {isa = PBXBuildFile; fileRef = D6BAF52224A78119004B24AA /* KJHYTool.m */; };
		D6BAF52624A78570004B24AA /* KJIndexViewController.m in Sources */ = {isa = PBXBuildFile; fileRef = D6BAF52524A78570004B24AA /* KJIndexViewController.m */; };
		D6BAF52C24A78620004B24AA /* KJMeViewController.m in Sources */ = {isa = PBXBuildFile; fileRef = D6BAF52B24A78620004B24AA /* KJMeViewController.m */; };
		D6BAF52F24A79977004B24AA /* KJTool.m in Sources */ = {isa = PBXBuildFile; fileRef = D6BAF52E24A79977004B24AA /* KJTool.m */; };
/* End PBXBuildFile section */

/* Begin PBXFileReference section */
		A05D32D7CFB1AA5513F8E227 /* Pods-HYKJ.debug.xcconfig */ = {isa = PBXFileReference; includeInIndex = 1; lastKnownFileType = text.xcconfig; name = "Pods-HYKJ.debug.xcconfig"; path = "Target Support Files/Pods-HYKJ/Pods-HYKJ.debug.xcconfig"; sourceTree = "<group>"; };
		D637693024B3F91A00A23672 /* KJCategroyViewController.h */ = {isa = PBXFileReference; lastKnownFileType = sourcecode.c.h; path = KJCategroyViewController.h; sourceTree = "<group>"; };
		D637693124B3F91A00A23672 /* KJCategroyViewController.m */ = {isa = PBXFileReference; lastKnownFileType = sourcecode.c.objc; path = KJCategroyViewController.m; sourceTree = "<group>"; };
		D637693324B3F92F00A23672 /* KJCartViewController.h */ = {isa = PBXFileReference; lastKnownFileType = sourcecode.c.h; path = KJCartViewController.h; sourceTree = "<group>"; };
		D637693424B3F92F00A23672 /* KJCartViewController.m */ = {isa = PBXFileReference; lastKnownFileType = sourcecode.c.objc; path = KJCartViewController.m; sourceTree = "<group>"; };
		D637693624B478BB00A23672 /* order.plist */ = {isa = PBXFileReference; fileEncoding = 4; lastKnownFileType = text.plist.xml; path = order.plist; sourceTree = "<group>"; };
		D637693824B47AC300A23672 /* service.plist */ = {isa = PBXFileReference; fileEncoding = 4; lastKnownFileType = text.plist.xml; path = service.plist; sourceTree = "<group>"; };
		D63A9429249F81E800DF546C /* KJLoginViewController.h */ = {isa = PBXFileReference; lastKnownFileType = sourcecode.c.h; path = KJLoginViewController.h; sourceTree = "<group>"; };
		D63A942A249F81E800DF546C /* KJLoginViewController.m */ = {isa = PBXFileReference; lastKnownFileType = sourcecode.c.objc; path = KJLoginViewController.m; sourceTree = "<group>"; };
		D63A942D249F82DD00DF546C /* KJLoginHeaderView.h */ = {isa = PBXFileReference; lastKnownFileType = sourcecode.c.h; path = KJLoginHeaderView.h; sourceTree = "<group>"; };
		D63A942E249F82DD00DF546C /* KJLoginHeaderView.m */ = {isa = PBXFileReference; lastKnownFileType = sourcecode.c.objc; path = KJLoginHeaderView.m; sourceTree = "<group>"; };
		D63A9430249F8F9200DF546C /* KJLoginFooterView.h */ = {isa = PBXFileReference; lastKnownFileType = sourcecode.c.h; path = KJLoginFooterView.h; sourceTree = "<group>"; };
		D63A9431249F8F9200DF546C /* KJLoginFooterView.m */ = {isa = PBXFileReference; lastKnownFileType = sourcecode.c.objc; path = KJLoginFooterView.m; sourceTree = "<group>"; };
		D63A9433249F978400DF546C /* KJPasswordLoginView.h */ = {isa = PBXFileReference; lastKnownFileType = sourcecode.c.h; path = KJPasswordLoginView.h; sourceTree = "<group>"; };
		D63A9434249F978400DF546C /* KJPasswordLoginView.m */ = {isa = PBXFileReference; lastKnownFileType = sourcecode.c.objc; path = KJPasswordLoginView.m; sourceTree = "<group>"; };
		D63A9436249F986200DF546C /* KJLoginParam.h */ = {isa = PBXFileReference; lastKnownFileType = sourcecode.c.h; path = KJLoginParam.h; sourceTree = "<group>"; };
		D63A9437249F986200DF546C /* KJLoginParam.m */ = {isa = PBXFileReference; lastKnownFileType = sourcecode.c.objc; path = KJLoginParam.m; sourceTree = "<group>"; };
		D63CCA0024E522C000D8815F /* KJDaoKuanViewController.h */ = {isa = PBXFileReference; lastKnownFileType = sourcecode.c.h; path = KJDaoKuanViewController.h; sourceTree = "<group>"; };
		D63CCA0124E522C000D8815F /* KJDaoKuanViewController.m */ = {isa = PBXFileReference; lastKnownFileType = sourcecode.c.objc; path = KJDaoKuanViewController.m; sourceTree = "<group>"; };
		D654F7302498DF7C002F66A3 /* KJHttpTool.h */ = {isa = PBXFileReference; lastKnownFileType = sourcecode.c.h; path = KJHttpTool.h; sourceTree = "<group>"; };
		D654F7312498DF7C002F66A3 /* KJHttpTool.m */ = {isa = PBXFileReference; lastKnownFileType = sourcecode.c.objc; path = KJHttpTool.m; sourceTree = "<group>"; };
		D654F7332498E085002F66A3 /* KJCommon.h */ = {isa = PBXFileReference; lastKnownFileType = sourcecode.c.h; path = KJCommon.h; sourceTree = "<group>"; };
		D65C45462498860A0042E42E /* 鸿雁客家.app */ = {isa = PBXFileReference; explicitFileType = wrapper.application; includeInIndex = 0; path = "鸿雁客家.app"; sourceTree = BUILT_PRODUCTS_DIR; };
		D65C45492498860A0042E42E /* AppDelegate.h */ = {isa = PBXFileReference; lastKnownFileType = sourcecode.c.h; path = AppDelegate.h; sourceTree = "<group>"; };
		D65C454A2498860A0042E42E /* AppDelegate.m */ = {isa = PBXFileReference; lastKnownFileType = sourcecode.c.objc; path = AppDelegate.m; sourceTree = "<group>"; };
		D65C45532498860A0042E42E /* Base */ = {isa = PBXFileReference; lastKnownFileType = file.storyboard; name = Base; path = Base.lproj/Main.storyboard; sourceTree = "<group>"; };
		D65C45552498860C0042E42E /* Images.xcassets */ = {isa = PBXFileReference; lastKnownFileType = folder.assetcatalog; path = Images.xcassets; sourceTree = "<group>"; };
		D65C45582498860C0042E42E /* Base */ = {isa = PBXFileReference; lastKnownFileType = file.storyboard; name = Base; path = Base.lproj/LaunchScreen.storyboard; sourceTree = "<group>"; };
		D65C455A2498860C0042E42E /* Info.plist */ = {isa = PBXFileReference; lastKnownFileType = text.plist.xml; path = Info.plist; sourceTree = "<group>"; };
		D65C455B2498860C0042E42E /* main.m */ = {isa = PBXFileReference; lastKnownFileType = sourcecode.c.objc; path = main.m; sourceTree = "<group>"; };
		D65C541924E2C36A00001C9E /* TDGridItem.m */ = {isa = PBXFileReference; fileEncoding = 4; lastKnownFileType = sourcecode.c.objc; path = TDGridItem.m; sourceTree = "<group>"; };
		D65C541A24E2C36A00001C9E /* TDGoodsGridCell.m */ = {isa = PBXFileReference; fileEncoding = 4; lastKnownFileType = sourcecode.c.objc; path = TDGoodsGridCell.m; sourceTree = "<group>"; };
		D65C541B24E2C36A00001C9E /* TDGoodsGridCell.h */ = {isa = PBXFileReference; fileEncoding = 4; lastKnownFileType = sourcecode.c.h; path = TDGoodsGridCell.h; sourceTree = "<group>"; };
		D65C541C24E2C36A00001C9E /* TDGridItem.h */ = {isa = PBXFileReference; fileEncoding = 4; lastKnownFileType = sourcecode.c.h; path = TDGridItem.h; sourceTree = "<group>"; };
		D65C541D24E2C36A00001C9E /* TDCenterServiceCell.h */ = {isa = PBXFileReference; fileEncoding = 4; lastKnownFileType = sourcecode.c.h; path = TDCenterServiceCell.h; sourceTree = "<group>"; };
		D65C541E24E2C36A00001C9E /* TDCenterServiceCell.xib */ = {isa = PBXFileReference; fileEncoding = 4; lastKnownFileType = file.xib; path = TDCenterServiceCell.xib; sourceTree = "<group>"; };
		D65C541F24E2C36A00001C9E /* TDCenterServiceCell.m */ = {isa = PBXFileReference; fileEncoding = 4; lastKnownFileType = sourcecode.c.objc; path = TDCenterServiceCell.m; sourceTree = "<group>"; };
		D668D7B224B1C15400AE36BB /* KJCenterTopToolView.h */ = {isa = PBXFileReference; fileEncoding = 4; lastKnownFileType = sourcecode.c.h; path = KJCenterTopToolView.h; sourceTree = "<group>"; };
		D668D7B324B1C15400AE36BB /* KJCenterTopToolView.m */ = {isa = PBXFileReference; fileEncoding = 4; lastKnownFileType = sourcecode.c.objc; path = KJCenterTopToolView.m; sourceTree = "<group>"; };
		D668D7B824B1C7E600AE36BB /* KJScanViewController.h */ = {isa = PBXFileReference; fileEncoding = 4; lastKnownFileType = sourcecode.c.h; path = KJScanViewController.h; sourceTree = "<group>"; };
		D668D7B924B1C7E600AE36BB /* KJScanViewController.m */ = {isa = PBXFileReference; fileEncoding = 4; lastKnownFileType = sourcecode.c.objc; path = KJScanViewController.m; sourceTree = "<group>"; };
		D668D7BC24B1CA3F00AE36BB /* LBXAlertAction.m */ = {isa = PBXFileReference; fileEncoding = 4; lastKnownFileType = sourcecode.c.objc; path = LBXAlertAction.m; sourceTree = "<group>"; };
		D668D7BD24B1CA3F00AE36BB /* KJScanResultViewController.m */ = {isa = PBXFileReference; fileEncoding = 4; lastKnownFileType = sourcecode.c.objc; path = KJScanResultViewController.m; sourceTree = "<group>"; };
		D668D7BE24B1CA3F00AE36BB /* LBXAlertAction.h */ = {isa = PBXFileReference; fileEncoding = 4; lastKnownFileType = sourcecode.c.h; path = LBXAlertAction.h; sourceTree = "<group>"; };
		D668D7C024B1CA3F00AE36BB /* UIActionSheet+LBXAlertAction.h */ = {isa = PBXFileReference; fileEncoding = 4; lastKnownFileType = sourcecode.c.h; path = "UIActionSheet+LBXAlertAction.h"; sourceTree = "<group>"; };
		D668D7C124B1CA3F00AE36BB /* UIAlertController+supportedInterfaceOrientations.h */ = {isa = PBXFileReference; fileEncoding = 4; lastKnownFileType = sourcecode.c.h; path = "UIAlertController+supportedInterfaceOrientations.h"; sourceTree = "<group>"; };
		D668D7C224B1CA3F00AE36BB /* UIAlertView+LBXAlertAction.h */ = {isa = PBXFileReference; fileEncoding = 4; lastKnownFileType = sourcecode.c.h; path = "UIAlertView+LBXAlertAction.h"; sourceTree = "<group>"; };
		D668D7C324B1CA3F00AE36BB /* UIWindow+LBXHierarchy.m */ = {isa = PBXFileReference; fileEncoding = 4; lastKnownFileType = sourcecode.c.objc; path = "UIWindow+LBXHierarchy.m"; sourceTree = "<group>"; };
		D668D7C424B1CA3F00AE36BB /* UIActionSheet+LBXAlertAction.m */ = {isa = PBXFileReference; fileEncoding = 4; lastKnownFileType = sourcecode.c.objc; path = "UIActionSheet+LBXAlertAction.m"; sourceTree = "<group>"; };
		D668D7C524B1CA3F00AE36BB /* UIAlertView+LBXAlertAction.m */ = {isa = PBXFileReference; fileEncoding = 4; lastKnownFileType = sourcecode.c.objc; path = "UIAlertView+LBXAlertAction.m"; sourceTree = "<group>"; };
		D668D7C624B1CA3F00AE36BB /* UIAlertController+supportedInterfaceOrientations.m */ = {isa = PBXFileReference; fileEncoding = 4; lastKnownFileType = sourcecode.c.objc; path = "UIAlertController+supportedInterfaceOrientations.m"; sourceTree = "<group>"; };
		D668D7C724B1CA3F00AE36BB /* UIWindow+LBXHierarchy.h */ = {isa = PBXFileReference; fileEncoding = 4; lastKnownFileType = sourcecode.c.h; path = "UIWindow+LBXHierarchy.h"; sourceTree = "<group>"; };
		D668D7C824B1CA3F00AE36BB /* KJScanResultViewController.h */ = {isa = PBXFileReference; fileEncoding = 4; lastKnownFileType = sourcecode.c.h; path = KJScanResultViewController.h; sourceTree = "<group>"; };
		D668D7CF24B1D00300AE36BB /* KJStyleDIY.h */ = {isa = PBXFileReference; fileEncoding = 4; lastKnownFileType = sourcecode.c.h; path = KJStyleDIY.h; sourceTree = "<group>"; };
		D668D7D024B1D00300AE36BB /* KJStyleDIY.m */ = {isa = PBXFileReference; fileEncoding = 4; lastKnownFileType = sourcecode.c.objc; path = KJStyleDIY.m; sourceTree = "<group>"; };
		D668D7D524B1D42800AE36BB /* SPSettingViewController.h */ = {isa = PBXFileReference; fileEncoding = 4; lastKnownFileType = sourcecode.c.h; path = SPSettingViewController.h; sourceTree = "<group>"; };
		D668D7D724B1D42800AE36BB /* SPSettingViewController.m */ = {isa = PBXFileReference; fileEncoding = 4; lastKnownFileType = sourcecode.c.objc; path = SPSettingViewController.m; sourceTree = "<group>"; };
		D668D7D924B1D42800AE36BB /* SPSettingTableViewCell.m */ = {isa = PBXFileReference; fileEncoding = 4; lastKnownFileType = sourcecode.c.objc; path = SPSettingTableViewCell.m; sourceTree = "<group>"; };
		D668D7DA24B1D42900AE36BB /* SPSettingTopView.h */ = {isa = PBXFileReference; fileEncoding = 4; lastKnownFileType = sourcecode.c.h; path = SPSettingTopView.h; sourceTree = "<group>"; };
		D668D7DB24B1D42900AE36BB /* SPUpDownButton.h */ = {isa = PBXFileReference; fileEncoding = 4; lastKnownFileType = sourcecode.c.h; path = SPUpDownButton.h; sourceTree = "<group>"; };
		D668D7DC24B1D42900AE36BB /* SPSettingTopView.xib */ = {isa = PBXFileReference; fileEncoding = 4; lastKnownFileType = file.xib; path = SPSettingTopView.xib; sourceTree = "<group>"; };
		D668D7DD24B1D42900AE36BB /* SPSettingTopView.m */ = {isa = PBXFileReference; fileEncoding = 4; lastKnownFileType = sourcecode.c.objc; path = SPSettingTopView.m; sourceTree = "<group>"; };
		D668D7DE24B1D42900AE36BB /* SPSettingTableViewCell.h */ = {isa = PBXFileReference; fileEncoding = 4; lastKnownFileType = sourcecode.c.h; path = SPSettingTableViewCell.h; sourceTree = "<group>"; };
		D668D7DF24B1D42900AE36BB /* SPUpDownButton.m */ = {isa = PBXFileReference; fileEncoding = 4; lastKnownFileType = sourcecode.c.objc; path = SPUpDownButton.m; sourceTree = "<group>"; };
		D668D7E024B1D42900AE36BB /* SPSettingTableViewCell.xib */ = {isa = PBXFileReference; fileEncoding = 4; lastKnownFileType = file.xib; path = SPSettingTableViewCell.xib; sourceTree = "<group>"; };
		D668D7E924B1D53C00AE36BB /* UIView+SPExtension.h */ = {isa = PBXFileReference; fileEncoding = 4; lastKnownFileType = sourcecode.c.h; path = "UIView+SPExtension.h"; sourceTree = "<group>"; };
		D668D7EA24B1D53C00AE36BB /* UIView+SPExtension.m */ = {isa = PBXFileReference; fileEncoding = 4; lastKnownFileType = sourcecode.c.objc; path = "UIView+SPExtension.m"; sourceTree = "<group>"; };
		D668D7ED24B1D6DC00AE36BB /* SPAboutMeViewController.m */ = {isa = PBXFileReference; fileEncoding = 4; lastKnownFileType = sourcecode.c.objc; path = SPAboutMeViewController.m; sourceTree = "<group>"; };
		D668D7EE24B1D6DC00AE36BB /* SPAboutMeViewController.h */ = {isa = PBXFileReference; fileEncoding = 4; lastKnownFileType = sourcecode.c.h; path = SPAboutMeViewController.h; sourceTree = "<group>"; };
		D668D7EF24B1D6DC00AE36BB /* SPAboutMeViewController.xib */ = {isa = PBXFileReference; fileEncoding = 4; lastKnownFileType = file.xib; path = SPAboutMeViewController.xib; sourceTree = "<group>"; };
		D668D7F324B1D7C000AE36BB /* SPSpeedy.m */ = {isa = PBXFileReference; fileEncoding = 4; lastKnownFileType = sourcecode.c.objc; path = SPSpeedy.m; sourceTree = "<group>"; };
		D668D7F424B1D7C000AE36BB /* SPSpeedy.h */ = {isa = PBXFileReference; fileEncoding = 4; lastKnownFileType = sourcecode.c.h; path = SPSpeedy.h; sourceTree = "<group>"; };
		D668D7FA24B1D9B300AE36BB /* LxGridViewFlowLayout.h */ = {isa = PBXFileReference; fileEncoding = 4; lastKnownFileType = sourcecode.c.h; path = LxGridViewFlowLayout.h; sourceTree = "<group>"; };
		D668D7FB24B1D9B300AE36BB /* LxGridViewFlowLayout.m */ = {isa = PBXFileReference; fileEncoding = 4; lastKnownFileType = sourcecode.c.objc; path = LxGridViewFlowLayout.m; sourceTree = "<group>"; };
		D668D7FD24B1E1C100AE36BB /* TZTestCell.m */ = {isa = PBXFileReference; fileEncoding = 4; lastKnownFileType = sourcecode.c.objc; path = TZTestCell.m; sourceTree = "<group>"; };
		D668D7FE24B1E1C100AE36BB /* TZTestCell.h */ = {isa = PBXFileReference; fileEncoding = 4; lastKnownFileType = sourcecode.c.h; path = TZTestCell.h; sourceTree = "<group>"; };
		D668D80024B1F3F500AE36BB /* SPPersonCenterHeaderView.xib */ = {isa = PBXFileReference; fileEncoding = 4; lastKnownFileType = file.xib; path = SPPersonCenterHeaderView.xib; sourceTree = "<group>"; };
		D668D80124B1F3F500AE36BB /* SPPersonCenterHeaderView.m */ = {isa = PBXFileReference; fileEncoding = 4; lastKnownFileType = sourcecode.c.objc; path = SPPersonCenterHeaderView.m; sourceTree = "<group>"; };
		D668D80224B1F3F600AE36BB /* SPPersonCenterHeaderView.h */ = {isa = PBXFileReference; fileEncoding = 4; lastKnownFileType = sourcecode.c.h; path = SPPersonCenterHeaderView.h; sourceTree = "<group>"; };
		D668D81224B1F8B700AE36BB /* DCStateItem.h */ = {isa = PBXFileReference; fileEncoding = 4; lastKnownFileType = sourcecode.c.h; path = DCStateItem.h; sourceTree = "<group>"; };
		D668D81324B1F8B800AE36BB /* DCStateItem.m */ = {isa = PBXFileReference; fileEncoding = 4; lastKnownFileType = sourcecode.c.objc; path = DCStateItem.m; sourceTree = "<group>"; };
		D668D82824B1FEE600AE36BB /* UIView+DCRolling.h */ = {isa = PBXFileReference; fileEncoding = 4; lastKnownFileType = sourcecode.c.h; path = "UIView+DCRolling.h"; sourceTree = "<group>"; };
		D668D82924B1FEE600AE36BB /* DCTitleRolling.h */ = {isa = PBXFileReference; fileEncoding = 4; lastKnownFileType = sourcecode.c.h; path = DCTitleRolling.h; sourceTree = "<group>"; };
		D668D82A24B1FEE600AE36BB /* DCTitleRolling.m */ = {isa = PBXFileReference; fileEncoding = 4; lastKnownFileType = sourcecode.c.objc; path = DCTitleRolling.m; sourceTree = "<group>"; };
		D668D82B24B1FEE600AE36BB /* UIView+DCRolling.m */ = {isa = PBXFileReference; fileEncoding = 4; lastKnownFileType = sourcecode.c.objc; path = "UIView+DCRolling.m"; sourceTree = "<group>"; };
		D668D82E24B1FF2100AE36BB /* UIColor+DCColorChange.m */ = {isa = PBXFileReference; fileEncoding = 4; lastKnownFileType = sourcecode.c.objc; path = "UIColor+DCColorChange.m"; sourceTree = "<group>"; };
		D668D82F24B1FF2200AE36BB /* UIColor+DCColorChange.h */ = {isa = PBXFileReference; fileEncoding = 4; lastKnownFileType = sourcecode.c.h; path = "UIColor+DCColorChange.h"; sourceTree = "<group>"; };
		D668D85524B2073B00AE36BB /* DCStateItemFooterView.h */ = {isa = PBXFileReference; fileEncoding = 4; lastKnownFileType = sourcecode.c.h; path = DCStateItemFooterView.h; sourceTree = "<group>"; };
		D668D85624B2073B00AE36BB /* DCCenterItemCell.h */ = {isa = PBXFileReference; fileEncoding = 4; lastKnownFileType = sourcecode.c.h; path = DCCenterItemCell.h; sourceTree = "<group>"; };
		D668D85724B2073B00AE36BB /* DCStateItemCell.xib */ = {isa = PBXFileReference; fileEncoding = 4; lastKnownFileType = file.xib; path = DCStateItemCell.xib; sourceTree = "<group>"; };
		D668D85824B2073C00AE36BB /* DCStateItemFooterView.m */ = {isa = PBXFileReference; fileEncoding = 4; lastKnownFileType = sourcecode.c.objc; path = DCStateItemFooterView.m; sourceTree = "<group>"; };
		D668D85924B2073C00AE36BB /* DCCenterItemCell.m */ = {isa = PBXFileReference; fileEncoding = 4; lastKnownFileType = sourcecode.c.objc; path = DCCenterItemCell.m; sourceTree = "<group>"; };
		D668D85A24B2073D00AE36BB /* DCStateItemCell.m */ = {isa = PBXFileReference; fileEncoding = 4; lastKnownFileType = sourcecode.c.objc; path = DCStateItemCell.m; sourceTree = "<group>"; };
		D668D85B24B2073D00AE36BB /* DCStateItemCell.h */ = {isa = PBXFileReference; fileEncoding = 4; lastKnownFileType = sourcecode.c.h; path = DCStateItemCell.h; sourceTree = "<group>"; };
		D668D86024B207CB00AE36BB /* DCCenterServiceCell.h */ = {isa = PBXFileReference; fileEncoding = 4; lastKnownFileType = sourcecode.c.h; path = DCCenterServiceCell.h; sourceTree = "<group>"; };
		D668D86124B207CC00AE36BB /* DCGridItem.h */ = {isa = PBXFileReference; fileEncoding = 4; lastKnownFileType = sourcecode.c.h; path = DCGridItem.h; sourceTree = "<group>"; };
		D668D86224B207CC00AE36BB /* DCCenterServiceCell.m */ = {isa = PBXFileReference; fileEncoding = 4; lastKnownFileType = sourcecode.c.objc; path = DCCenterServiceCell.m; sourceTree = "<group>"; };
		D668D86324B207CD00AE36BB /* DCGoodsGridCell.h */ = {isa = PBXFileReference; fileEncoding = 4; lastKnownFileType = sourcecode.c.h; path = DCGoodsGridCell.h; sourceTree = "<group>"; };
		D668D86424B207CD00AE36BB /* DCGridItem.m */ = {isa = PBXFileReference; fileEncoding = 4; lastKnownFileType = sourcecode.c.objc; path = DCGridItem.m; sourceTree = "<group>"; };
		D668D86524B207CD00AE36BB /* DCGoodsGridCell.m */ = {isa = PBXFileReference; fileEncoding = 4; lastKnownFileType = sourcecode.c.objc; path = DCGoodsGridCell.m; sourceTree = "<group>"; };
		D668D86624B207CE00AE36BB /* DCCenterServiceCell.xib */ = {isa = PBXFileReference; fileEncoding = 4; lastKnownFileType = file.xib; path = DCCenterServiceCell.xib; sourceTree = "<group>"; };
		D66A3F572499B75900AF10F5 /* KJTabBarController.h */ = {isa = PBXFileReference; lastKnownFileType = sourcecode.c.h; path = KJTabBarController.h; sourceTree = "<group>"; };
		D66A3F582499B75900AF10F5 /* KJTabBarController.m */ = {isa = PBXFileReference; lastKnownFileType = sourcecode.c.objc; path = KJTabBarController.m; sourceTree = "<group>"; };
		D66A3F5A2499B93900AF10F5 /* HYKJ.pch */ = {isa = PBXFileReference; lastKnownFileType = sourcecode.c.h; path = HYKJ.pch; sourceTree = "<group>"; };
		D66A3F5D2499C38E00AF10F5 /* Headers.h */ = {isa = PBXFileReference; lastKnownFileType = sourcecode.c.h; path = Headers.h; sourceTree = "<group>"; };
		D66A3F5F2499C53E00AF10F5 /* Macros.h */ = {isa = PBXFileReference; lastKnownFileType = sourcecode.c.h; path = Macros.h; sourceTree = "<group>"; };
		D66A3F602499D8CC00AF10F5 /* KJNavigationController.h */ = {isa = PBXFileReference; lastKnownFileType = sourcecode.c.h; path = KJNavigationController.h; sourceTree = "<group>"; };
		D66A3F612499D8CC00AF10F5 /* KJNavigationController.m */ = {isa = PBXFileReference; lastKnownFileType = sourcecode.c.objc; path = KJNavigationController.m; sourceTree = "<group>"; };
		D66A3F642499E22500AF10F5 /* ATAppUpdater.m */ = {isa = PBXFileReference; fileEncoding = 4; lastKnownFileType = sourcecode.c.objc; path = ATAppUpdater.m; sourceTree = "<group>"; };
		D66A3F652499E22500AF10F5 /* ATAppUpdater.h */ = {isa = PBXFileReference; fileEncoding = 4; lastKnownFileType = sourcecode.c.h; path = ATAppUpdater.h; sourceTree = "<group>"; };
		D66A3F6A2499E61400AF10F5 /* KJLoginResult.h */ = {isa = PBXFileReference; lastKnownFileType = sourcecode.c.h; path = KJLoginResult.h; sourceTree = "<group>"; };
		D66A3F6B2499E61400AF10F5 /* KJLoginResult.m */ = {isa = PBXFileReference; lastKnownFileType = sourcecode.c.objc; path = KJLoginResult.m; sourceTree = "<group>"; };
		D66A3F6E2499E90D00AF10F5 /* KJAccountTool.h */ = {isa = PBXFileReference; lastKnownFileType = sourcecode.c.h; path = KJAccountTool.h; sourceTree = "<group>"; };
		D66A3F6F2499E90D00AF10F5 /* KJAccountTool.m */ = {isa = PBXFileReference; lastKnownFileType = sourcecode.c.objc; path = KJAccountTool.m; sourceTree = "<group>"; };
		D66B246424ED2455009D48CF /* KJKuCunTableViewCell.h */ = {isa = PBXFileReference; lastKnownFileType = sourcecode.c.h; path = KJKuCunTableViewCell.h; sourceTree = "<group>"; };
		D66B246524ED2455009D48CF /* KJKuCunTableViewCell.m */ = {isa = PBXFileReference; lastKnownFileType = sourcecode.c.objc; path = KJKuCunTableViewCell.m; sourceTree = "<group>"; };
		D66B246624ED2455009D48CF /* KJKuCunTableViewCell.xib */ = {isa = PBXFileReference; lastKnownFileType = file.xib; path = KJKuCunTableViewCell.xib; sourceTree = "<group>"; };
		D66CCB2E24B2F4A70038CCE7 /* MyCenterFlow.plist */ = {isa = PBXFileReference; fileEncoding = 4; lastKnownFileType = text.plist.xml; path = MyCenterFlow.plist; sourceTree = "<group>"; };
		D66CCB2F24B2F4A70038CCE7 /* MyServiceFlow.plist */ = {isa = PBXFileReference; fileEncoding = 4; lastKnownFileType = text.plist.xml; path = MyServiceFlow.plist; sourceTree = "<group>"; };
		D66D2A5124E8B9C700DA0E42 /* KJDatePickerView.h */ = {isa = PBXFileReference; lastKnownFileType = sourcecode.c.h; path = KJDatePickerView.h; sourceTree = "<group>"; };
		D66D2A5224E8B9C700DA0E42 /* KJDatePickerView.m */ = {isa = PBXFileReference; lastKnownFileType = sourcecode.c.objc; path = KJDatePickerView.m; sourceTree = "<group>"; };
		D66D2A5424E8B9FD00DA0E42 /* KJDatePickerView.xib */ = {isa = PBXFileReference; lastKnownFileType = file.xib; path = KJDatePickerView.xib; sourceTree = "<group>"; };
		D66D2A5924E8C78500DA0E42 /* KJCoverView.h */ = {isa = PBXFileReference; lastKnownFileType = sourcecode.c.h; path = KJCoverView.h; sourceTree = "<group>"; };
		D66D2A5A24E8C78500DA0E42 /* KJCoverView.m */ = {isa = PBXFileReference; lastKnownFileType = sourcecode.c.objc; path = KJCoverView.m; sourceTree = "<group>"; };
		D66D847E24B5CC3300B34335 /* KJBrowseViewController.h */ = {isa = PBXFileReference; lastKnownFileType = sourcecode.c.h; path = KJBrowseViewController.h; sourceTree = "<group>"; };
		D66D847F24B5CC3300B34335 /* KJBrowseViewController.m */ = {isa = PBXFileReference; lastKnownFileType = sourcecode.c.objc; path = KJBrowseViewController.m; sourceTree = "<group>"; };
		D66DEDD824EA0F29009D8C96 /* KJCyResult.h */ = {isa = PBXFileReference; lastKnownFileType = sourcecode.c.h; path = KJCyResult.h; sourceTree = "<group>"; };
		D66DEDD924EA0F29009D8C96 /* KJCyResult.m */ = {isa = PBXFileReference; lastKnownFileType = sourcecode.c.objc; path = KJCyResult.m; sourceTree = "<group>"; };
		D66DEDDB24EA2F1A009D8C96 /* KJDataPickerView.h */ = {isa = PBXFileReference; lastKnownFileType = sourcecode.c.h; path = KJDataPickerView.h; sourceTree = "<group>"; };
		D66DEDDC24EA2F1A009D8C96 /* KJDataPickerView.m */ = {isa = PBXFileReference; lastKnownFileType = sourcecode.c.objc; path = KJDataPickerView.m; sourceTree = "<group>"; };
		D66DEDDE24EA2F40009D8C96 /* KJDataPickerView.xib */ = {isa = PBXFileReference; lastKnownFileType = file.xib; path = KJDataPickerView.xib; sourceTree = "<group>"; };
		D66E369B24E385D300EEE2C7 /* business.plist */ = {isa = PBXFileReference; fileEncoding = 4; lastKnownFileType = text.plist.xml; path = business.plist; sourceTree = "<group>"; };
		D66EF57924E669C800E4CC3E /* KJDaoKuanTableHeaderView.h */ = {isa = PBXFileReference; lastKnownFileType = sourcecode.c.h; path = KJDaoKuanTableHeaderView.h; sourceTree = "<group>"; };
		D66EF57A24E669C800E4CC3E /* KJDaoKuanTableHeaderView.m */ = {isa = PBXFileReference; lastKnownFileType = sourcecode.c.objc; path = KJDaoKuanTableHeaderView.m; sourceTree = "<group>"; };
		D66EF57C24E669D500E4CC3E /* KJDaoKuanTableHeaderView.xib */ = {isa = PBXFileReference; lastKnownFileType = file.xib; path = KJDaoKuanTableHeaderView.xib; sourceTree = "<group>"; };
		D66EF59224E6897300E4CC3E /* KJDaoKuanSearchView.h */ = {isa = PBXFileReference; lastKnownFileType = sourcecode.c.h; path = KJDaoKuanSearchView.h; sourceTree = "<group>"; };
		D66EF59324E6897300E4CC3E /* KJDaoKuanSearchView.m */ = {isa = PBXFileReference; lastKnownFileType = sourcecode.c.objc; path = KJDaoKuanSearchView.m; sourceTree = "<group>"; };
		D66EF59524E6899700E4CC3E /* KJDaoKuanSearchView.xib */ = {isa = PBXFileReference; lastKnownFileType = file.xib; path = KJDaoKuanSearchView.xib; sourceTree = "<group>"; };
		D66EF59724E69BF700E4CC3E /* CALayer+SPCustomerCALayer.m */ = {isa = PBXFileReference; fileEncoding = 4; lastKnownFileType = sourcecode.c.objc; path = "CALayer+SPCustomerCALayer.m"; sourceTree = "<group>"; };
		D66EF59824E69BF800E4CC3E /* CALayer+SPCustomerCALayer.h */ = {isa = PBXFileReference; fileEncoding = 4; lastKnownFileType = sourcecode.c.h; path = "CALayer+SPCustomerCALayer.h"; sourceTree = "<group>"; };
		D679D86024AAF6D5004F1463 /* KJConsts.h */ = {isa = PBXFileReference; lastKnownFileType = sourcecode.c.h; path = KJConsts.h; sourceTree = "<group>"; };
		D679D86124AAF6D5004F1463 /* KJConsts.m */ = {isa = PBXFileReference; lastKnownFileType = sourcecode.c.objc; path = KJConsts.m; sourceTree = "<group>"; };
		D6A9A97524E56A040073E932 /* KJDaoKuanTableViewCell.h */ = {isa = PBXFileReference; lastKnownFileType = sourcecode.c.h; path = KJDaoKuanTableViewCell.h; sourceTree = "<group>"; };
		D6A9A97624E56A040073E932 /* KJDaoKuanTableViewCell.m */ = {isa = PBXFileReference; lastKnownFileType = sourcecode.c.objc; path = KJDaoKuanTableViewCell.m; sourceTree = "<group>"; };
		D6A9A97724E56A040073E932 /* KJDaoKuanTableViewCell.xib */ = {isa = PBXFileReference; lastKnownFileType = file.xib; path = KJDaoKuanTableViewCell.xib; sourceTree = "<group>"; };
		D6A9A97A24E5748F0073E932 /* KJLongTextScrollView.h */ = {isa = PBXFileReference; lastKnownFileType = sourcecode.c.h; path = KJLongTextScrollView.h; sourceTree = "<group>"; };
		D6A9A97B24E5748F0073E932 /* KJLongTextScrollView.m */ = {isa = PBXFileReference; lastKnownFileType = sourcecode.c.objc; path = KJLongTextScrollView.m; sourceTree = "<group>"; };
		D6B9E8F824EB6EEA00686E42 /* KJDaokuanParam.h */ = {isa = PBXFileReference; lastKnownFileType = sourcecode.c.h; path = KJDaokuanParam.h; sourceTree = "<group>"; };
		D6B9E8F924EB6EEA00686E42 /* KJDaokuanParam.m */ = {isa = PBXFileReference; lastKnownFileType = sourcecode.c.objc; path = KJDaokuanParam.m; sourceTree = "<group>"; };
		D6B9E8FB24EB71C200686E42 /* KJDaokuanTool.h */ = {isa = PBXFileReference; lastKnownFileType = sourcecode.c.h; path = KJDaokuanTool.h; sourceTree = "<group>"; };
		D6B9E8FC24EB71C200686E42 /* KJDaokuanTool.m */ = {isa = PBXFileReference; lastKnownFileType = sourcecode.c.objc; path = KJDaokuanTool.m; sourceTree = "<group>"; };
		D6B9E8FE24EB7AD900686E42 /* KJDaokuanResult.h */ = {isa = PBXFileReference; lastKnownFileType = sourcecode.c.h; path = KJDaokuanResult.h; sourceTree = "<group>"; };
		D6B9E8FF24EB7AD900686E42 /* KJDaokuanResult.m */ = {isa = PBXFileReference; lastKnownFileType = sourcecode.c.objc; path = KJDaokuanResult.m; sourceTree = "<group>"; };
		D6B9E90124EB7BA800686E42 /* KJDaokuan.h */ = {isa = PBXFileReference; lastKnownFileType = sourcecode.c.h; path = KJDaokuan.h; sourceTree = "<group>"; };
		D6B9E90224EB7BA800686E42 /* KJDaokuan.m */ = {isa = PBXFileReference; lastKnownFileType = sourcecode.c.objc; path = KJDaokuan.m; sourceTree = "<group>"; };
		D6B9E90924EBCE2000686E42 /* KJKuCunViewController.h */ = {isa = PBXFileReference; lastKnownFileType = sourcecode.c.h; path = KJKuCunViewController.h; sourceTree = "<group>"; };
		D6B9E90A24EBCE2000686E42 /* KJKuCunViewController.m */ = {isa = PBXFileReference; lastKnownFileType = sourcecode.c.objc; path = KJKuCunViewController.m; sourceTree = "<group>"; };
		D6B9E90C24EBCE8B00686E42 /* KJKuCunSearchView.h */ = {isa = PBXFileReference; lastKnownFileType = sourcecode.c.h; path = KJKuCunSearchView.h; sourceTree = "<group>"; };
		D6B9E90D24EBCE8B00686E42 /* KJKuCunSearchView.m */ = {isa = PBXFileReference; lastKnownFileType = sourcecode.c.objc; path = KJKuCunSearchView.m; sourceTree = "<group>"; };
		D6B9E90F24EBD1E400686E42 /* KJKuCunParam.h */ = {isa = PBXFileReference; lastKnownFileType = sourcecode.c.h; path = KJKuCunParam.h; sourceTree = "<group>"; };
		D6B9E91024EBD1E400686E42 /* KJKuCunParam.m */ = {isa = PBXFileReference; lastKnownFileType = sourcecode.c.objc; path = KJKuCunParam.m; sourceTree = "<group>"; };
		D6B9E91224EBD22000686E42 /* KJKuCunTool.h */ = {isa = PBXFileReference; lastKnownFileType = sourcecode.c.h; path = KJKuCunTool.h; sourceTree = "<group>"; };
		D6B9E91324EBD22000686E42 /* KJKuCunTool.m */ = {isa = PBXFileReference; lastKnownFileType = sourcecode.c.objc; path = KJKuCunTool.m; sourceTree = "<group>"; };
		D6B9E91524EBD27200686E42 /* KJKuCunResult.h */ = {isa = PBXFileReference; lastKnownFileType = sourcecode.c.h; path = KJKuCunResult.h; sourceTree = "<group>"; };
		D6B9E91624EBD27200686E42 /* KJKuCunResult.m */ = {isa = PBXFileReference; lastKnownFileType = sourcecode.c.objc; path = KJKuCunResult.m; sourceTree = "<group>"; };
		D6B9E91824EBD4BE00686E42 /* KJKuCun.h */ = {isa = PBXFileReference; lastKnownFileType = sourcecode.c.h; path = KJKuCun.h; sourceTree = "<group>"; };
		D6B9E91924EBD4BE00686E42 /* KJKuCun.m */ = {isa = PBXFileReference; lastKnownFileType = sourcecode.c.objc; path = KJKuCun.m; sourceTree = "<group>"; };
		D6B9E91B24EBD5CE00686E42 /* KJKuCunTableHeaderView.h */ = {isa = PBXFileReference; lastKnownFileType = sourcecode.c.h; path = KJKuCunTableHeaderView.h; sourceTree = "<group>"; };
		D6B9E91C24EBD5CE00686E42 /* KJKuCunTableHeaderView.m */ = {isa = PBXFileReference; lastKnownFileType = sourcecode.c.objc; path = KJKuCunTableHeaderView.m; sourceTree = "<group>"; };
		D6B9E91E24EBD5E600686E42 /* KJKuCunTableHeaderView.xib */ = {isa = PBXFileReference; lastKnownFileType = file.xib; path = KJKuCunTableHeaderView.xib; sourceTree = "<group>"; };
		D6B9E92024EBDAE400686E42 /* KJKuCunSearchView.xib */ = {isa = PBXFileReference; lastKnownFileType = file.xib; path = KJKuCunSearchView.xib; sourceTree = "<group>"; };
		D6BAF51E24A763C8004B24AA /* KJLoginTool.h */ = {isa = PBXFileReference; lastKnownFileType = sourcecode.c.h; path = KJLoginTool.h; sourceTree = "<group>"; };
		D6BAF51F24A763C8004B24AA /* KJLoginTool.m */ = {isa = PBXFileReference; lastKnownFileType = sourcecode.c.objc; path = KJLoginTool.m; sourceTree = "<group>"; };
		D6BAF52124A78119004B24AA /* KJHYTool.h */ = {isa = PBXFileReference; lastKnownFileType = sourcecode.c.h; path = KJHYTool.h; sourceTree = "<group>"; };
		D6BAF52224A78119004B24AA /* KJHYTool.m */ = {isa = PBXFileReference; lastKnownFileType = sourcecode.c.objc; path = KJHYTool.m; sourceTree = "<group>"; };
		D6BAF52424A78570004B24AA /* KJIndexViewController.h */ = {isa = PBXFileReference; lastKnownFileType = sourcecode.c.h; path = KJIndexViewController.h; sourceTree = "<group>"; };
		D6BAF52524A78570004B24AA /* KJIndexViewController.m */ = {isa = PBXFileReference; lastKnownFileType = sourcecode.c.objc; path = KJIndexViewController.m; sourceTree = "<group>"; };
		D6BAF52A24A78620004B24AA /* KJMeViewController.h */ = {isa = PBXFileReference; lastKnownFileType = sourcecode.c.h; path = KJMeViewController.h; sourceTree = "<group>"; };
		D6BAF52B24A78620004B24AA /* KJMeViewController.m */ = {isa = PBXFileReference; lastKnownFileType = sourcecode.c.objc; path = KJMeViewController.m; sourceTree = "<group>"; };
		D6BAF52D24A79977004B24AA /* KJTool.h */ = {isa = PBXFileReference; lastKnownFileType = sourcecode.c.h; path = KJTool.h; sourceTree = "<group>"; };
		D6BAF52E24A79977004B24AA /* KJTool.m */ = {isa = PBXFileReference; lastKnownFileType = sourcecode.c.objc; path = KJTool.m; sourceTree = "<group>"; };
		F3C2B7926F4DBEB57613E06B /* Pods-HYKJ.release.xcconfig */ = {isa = PBXFileReference; includeInIndex = 1; lastKnownFileType = text.xcconfig; name = "Pods-HYKJ.release.xcconfig"; path = "Target Support Files/Pods-HYKJ/Pods-HYKJ.release.xcconfig"; sourceTree = "<group>"; };
		F77620CDDA0D65D619E04FC8 /* Pods_HYKJ.framework */ = {isa = PBXFileReference; explicitFileType = wrapper.framework; includeInIndex = 0; path = Pods_HYKJ.framework; sourceTree = BUILT_PRODUCTS_DIR; };
/* End PBXFileReference section */

/* Begin PBXFrameworksBuildPhase section */
		D65C45432498860A0042E42E /* Frameworks */ = {
			isa = PBXFrameworksBuildPhase;
			buildActionMask = 2147483647;
			files = (
				01EB766E268C79E528565D2F /* Pods_HYKJ.framework in Frameworks */,
			);
			runOnlyForDeploymentPostprocessing = 0;
		};
/* End PBXFrameworksBuildPhase section */

/* Begin PBXGroup section */
		2C2AF166DB00C4120EF97D8E /* Pods */ = {
			isa = PBXGroup;
			children = (
				A05D32D7CFB1AA5513F8E227 /* Pods-HYKJ.debug.xcconfig */,
				F3C2B7926F4DBEB57613E06B /* Pods-HYKJ.release.xcconfig */,
			);
			path = Pods;
			sourceTree = "<group>";
		};
		D63A9428249F81AD00DF546C /* Controller */ = {
			isa = PBXGroup;
			children = (
				D63A9429249F81E800DF546C /* KJLoginViewController.h */,
				D63A942A249F81E800DF546C /* KJLoginViewController.m */,
			);
			path = Controller;
			sourceTree = "<group>";
		};
		D63A942C249F82B500DF546C /* View */ = {
			isa = PBXGroup;
			children = (
				D63A942D249F82DD00DF546C /* KJLoginHeaderView.h */,
				D63A942E249F82DD00DF546C /* KJLoginHeaderView.m */,
				D63A9430249F8F9200DF546C /* KJLoginFooterView.h */,
				D63A9431249F8F9200DF546C /* KJLoginFooterView.m */,
				D63A9433249F978400DF546C /* KJPasswordLoginView.h */,
				D63A9434249F978400DF546C /* KJPasswordLoginView.m */,
			);
			path = View;
			sourceTree = "<group>";
		};
		D63CC9FD24E5227200D8815F /* daokuan(到款) */ = {
			isa = PBXGroup;
			children = (
				D6B9E8F624EB6EB500686E42 /* Model */,
				D6B9E8F724EB6EC800686E42 /* Tool */,
				D63CC9FF24E5229500D8815F /* View */,
				D63CC9FE24E5229500D8815F /* Controller */,
			);
			path = "daokuan(到款)";
			sourceTree = "<group>";
		};
		D63CC9FE24E5229500D8815F /* Controller */ = {
			isa = PBXGroup;
			children = (
				D63CCA0024E522C000D8815F /* KJDaoKuanViewController.h */,
				D63CCA0124E522C000D8815F /* KJDaoKuanViewController.m */,
			);
			path = Controller;
			sourceTree = "<group>";
		};
		D63CC9FF24E5229500D8815F /* View */ = {
			isa = PBXGroup;
			children = (
				D6A9A97524E56A040073E932 /* KJDaoKuanTableViewCell.h */,
				D6A9A97624E56A040073E932 /* KJDaoKuanTableViewCell.m */,
				D6A9A97724E56A040073E932 /* KJDaoKuanTableViewCell.xib */,
				D6A9A97A24E5748F0073E932 /* KJLongTextScrollView.h */,
				D6A9A97B24E5748F0073E932 /* KJLongTextScrollView.m */,
				D66EF57924E669C800E4CC3E /* KJDaoKuanTableHeaderView.h */,
				D66EF57A24E669C800E4CC3E /* KJDaoKuanTableHeaderView.m */,
				D66EF57C24E669D500E4CC3E /* KJDaoKuanTableHeaderView.xib */,
				D66EF59224E6897300E4CC3E /* KJDaoKuanSearchView.h */,
				D66EF59324E6897300E4CC3E /* KJDaoKuanSearchView.m */,
				D66EF59524E6899700E4CC3E /* KJDaoKuanSearchView.xib */,
				D66D2A5124E8B9C700DA0E42 /* KJDatePickerView.h */,
				D66D2A5224E8B9C700DA0E42 /* KJDatePickerView.m */,
				D66D2A5424E8B9FD00DA0E42 /* KJDatePickerView.xib */,
				D66D2A5924E8C78500DA0E42 /* KJCoverView.h */,
				D66D2A5A24E8C78500DA0E42 /* KJCoverView.m */,
				D66DEDDB24EA2F1A009D8C96 /* KJDataPickerView.h */,
				D66DEDDC24EA2F1A009D8C96 /* KJDataPickerView.m */,
				D66DEDDE24EA2F40009D8C96 /* KJDataPickerView.xib */,
			);
			path = View;
			sourceTree = "<group>";
		};
		D654F7292498DE29002F66A3 /* Classes */ = {
			isa = PBXGroup;
			children = (
				D66A3F552499B69D00AF10F5 /* Main(主要) */,
				D654F72A2498DE96002F66A3 /* Home(首页) */,
				D654F72B2498DE96002F66A3 /* Category(分类) */,
				D654F72D2498DE97002F66A3 /* Cart(购物车) */,
				D66A3F672499E48A00AF10F5 /* PersonalCenter(个人中心) */,
				D66A3F5B2499C2F400AF10F5 /* Expand(拓展) */,
				D66CCB2C24B2F4A70038CCE7 /* Resource(资源) */,
				D654F72E2498DEDD002F66A3 /* Other(其它) */,
			);
			path = Classes;
			sourceTree = "<group>";
		};
		D654F72A2498DE96002F66A3 /* Home(首页) */ = {
			isa = PBXGroup;
			children = (
				D6BAF52424A78570004B24AA /* KJIndexViewController.h */,
				D6BAF52524A78570004B24AA /* KJIndexViewController.m */,
			);
			path = "Home(首页)";
			sourceTree = "<group>";
		};
		D654F72B2498DE96002F66A3 /* Category(分类) */ = {
			isa = PBXGroup;
			children = (
				D637693024B3F91A00A23672 /* KJCategroyViewController.h */,
				D637693124B3F91A00A23672 /* KJCategroyViewController.m */,
			);
			path = "Category(分类)";
			sourceTree = "<group>";
		};
		D654F72D2498DE97002F66A3 /* Cart(购物车) */ = {
			isa = PBXGroup;
			children = (
				D637693324B3F92F00A23672 /* KJCartViewController.h */,
				D637693424B3F92F00A23672 /* KJCartViewController.m */,
			);
			path = "Cart(购物车)";
			sourceTree = "<group>";
		};
		D654F72E2498DEDD002F66A3 /* Other(其它) */ = {
			isa = PBXGroup;
			children = (
				D654F72F2498DF3C002F66A3 /* Tool */,
				D65C455B2498860C0042E42E /* main.m */,
				D65C45492498860A0042E42E /* AppDelegate.h */,
				D65C454A2498860A0042E42E /* AppDelegate.m */,
				D654F7332498E085002F66A3 /* KJCommon.h */,
			);
			path = "Other(其它)";
			sourceTree = "<group>";
		};
		D654F72F2498DF3C002F66A3 /* Tool */ = {
			isa = PBXGroup;
			children = (
				D6BAF52124A78119004B24AA /* KJHYTool.h */,
				D6BAF52224A78119004B24AA /* KJHYTool.m */,
				D654F7302498DF7C002F66A3 /* KJHttpTool.h */,
				D654F7312498DF7C002F66A3 /* KJHttpTool.m */,
				D6BAF52D24A79977004B24AA /* KJTool.h */,
				D6BAF52E24A79977004B24AA /* KJTool.m */,
			);
			path = Tool;
			sourceTree = "<group>";
		};
		D654F7362498E0EA002F66A3 /* Supporting Files */ = {
			isa = PBXGroup;
			children = (
				D65C45522498860A0042E42E /* Main.storyboard */,
				D65C45552498860C0042E42E /* Images.xcassets */,
				D65C45572498860C0042E42E /* LaunchScreen.storyboard */,
				D65C455A2498860C0042E42E /* Info.plist */,
				D66A3F5A2499B93900AF10F5 /* HYKJ.pch */,
			);
			path = "Supporting Files";
			sourceTree = "<group>";
		};
		D65C453D2498860A0042E42E = {
			isa = PBXGroup;
			children = (
				D65C45482498860A0042E42E /* HYKJ */,
				D65C45472498860A0042E42E /* Products */,
				2C2AF166DB00C4120EF97D8E /* Pods */,
				FFE593C9DE5567C6DF685808 /* Frameworks */,
			);
			sourceTree = "<group>";
		};
		D65C45472498860A0042E42E /* Products */ = {
			isa = PBXGroup;
			children = (
				D65C45462498860A0042E42E /* 鸿雁客家.app */,
			);
			name = Products;
			sourceTree = "<group>";
		};
		D65C45482498860A0042E42E /* HYKJ */ = {
			isa = PBXGroup;
			children = (
				D654F7292498DE29002F66A3 /* Classes */,
				D654F7362498E0EA002F66A3 /* Supporting Files */,
			);
			path = HYKJ;
			sourceTree = "<group>";
		};
		D65C540024E2C27E00001C9E /* ThirdSection */ = {
			isa = PBXGroup;
			children = (
				D65C541D24E2C36A00001C9E /* TDCenterServiceCell.h */,
				D65C541F24E2C36A00001C9E /* TDCenterServiceCell.m */,
				D65C541E24E2C36A00001C9E /* TDCenterServiceCell.xib */,
				D65C541B24E2C36A00001C9E /* TDGoodsGridCell.h */,
				D65C541A24E2C36A00001C9E /* TDGoodsGridCell.m */,
				D65C541C24E2C36A00001C9E /* TDGridItem.h */,
				D65C541924E2C36A00001C9E /* TDGridItem.m */,
			);
			path = ThirdSection;
			sourceTree = "<group>";
		};
		D668D7AD24B1BD1A00AE36BB /* View */ = {
			isa = PBXGroup;
			children = (
				D668D7AE24B1BD3D00AE36BB /* CustomView */,
				D668D80524B1F81C00AE36BB /* TableViewCell */,
			);
			path = View;
			sourceTree = "<group>";
		};
		D668D7AE24B1BD3D00AE36BB /* CustomView */ = {
			isa = PBXGroup;
			children = (
				D668D7B224B1C15400AE36BB /* KJCenterTopToolView.h */,
				D668D7B324B1C15400AE36BB /* KJCenterTopToolView.m */,
				D668D80224B1F3F600AE36BB /* SPPersonCenterHeaderView.h */,
				D668D80124B1F3F500AE36BB /* SPPersonCenterHeaderView.m */,
				D668D80024B1F3F500AE36BB /* SPPersonCenterHeaderView.xib */,
			);
			path = CustomView;
			sourceTree = "<group>";
		};
		D668D7B524B1C7A200AE36BB /* Scan(扫码) */ = {
			isa = PBXGroup;
			children = (
				D668D7B624B1C7C200AE36BB /* Model */,
				D668D7B724B1C7C200AE36BB /* Controller */,
			);
			path = "Scan(扫码)";
			sourceTree = "<group>";
		};
		D668D7B624B1C7C200AE36BB /* Model */ = {
			isa = PBXGroup;
			children = (
				D668D7CF24B1D00300AE36BB /* KJStyleDIY.h */,
				D668D7D024B1D00300AE36BB /* KJStyleDIY.m */,
			);
			path = Model;
			sourceTree = "<group>";
		};
		D668D7B724B1C7C200AE36BB /* Controller */ = {
			isa = PBXGroup;
			children = (
				D668D7B824B1C7E600AE36BB /* KJScanViewController.h */,
				D668D7B924B1C7E600AE36BB /* KJScanViewController.m */,
			);
			path = Controller;
			sourceTree = "<group>";
		};
		D668D7BB24B1CA3F00AE36BB /* LBXAlertAction */ = {
			isa = PBXGroup;
			children = (
				D668D7BE24B1CA3F00AE36BB /* LBXAlertAction.h */,
				D668D7BC24B1CA3F00AE36BB /* LBXAlertAction.m */,
				D668D7C824B1CA3F00AE36BB /* KJScanResultViewController.h */,
				D668D7BD24B1CA3F00AE36BB /* KJScanResultViewController.m */,
				D668D7BF24B1CA3F00AE36BB /* Class */,
			);
			path = LBXAlertAction;
			sourceTree = "<group>";
		};
		D668D7BF24B1CA3F00AE36BB /* Class */ = {
			isa = PBXGroup;
			children = (
				D668D7C024B1CA3F00AE36BB /* UIActionSheet+LBXAlertAction.h */,
				D668D7C124B1CA3F00AE36BB /* UIAlertController+supportedInterfaceOrientations.h */,
				D668D7C224B1CA3F00AE36BB /* UIAlertView+LBXAlertAction.h */,
				D668D7C324B1CA3F00AE36BB /* UIWindow+LBXHierarchy.m */,
				D668D7C424B1CA3F00AE36BB /* UIActionSheet+LBXAlertAction.m */,
				D668D7C524B1CA3F00AE36BB /* UIAlertView+LBXAlertAction.m */,
				D668D7C624B1CA3F00AE36BB /* UIAlertController+supportedInterfaceOrientations.m */,
				D668D7C724B1CA3F00AE36BB /* UIWindow+LBXHierarchy.h */,
			);
			path = Class;
			sourceTree = "<group>";
		};
		D668D7D224B1D42800AE36BB /* Setting(设置) */ = {
			isa = PBXGroup;
			children = (
				D668D7D824B1D42800AE36BB /* View */,
				D668D7D324B1D42800AE36BB /* Controller */,
			);
			path = "Setting(设置)";
			sourceTree = "<group>";
		};
		D668D7D324B1D42800AE36BB /* Controller */ = {
			isa = PBXGroup;
			children = (
				D668D7D524B1D42800AE36BB /* SPSettingViewController.h */,
				D668D7D724B1D42800AE36BB /* SPSettingViewController.m */,
			);
			path = Controller;
			sourceTree = "<group>";
		};
		D668D7D824B1D42800AE36BB /* View */ = {
			isa = PBXGroup;
			children = (
				D668D7DA24B1D42900AE36BB /* SPSettingTopView.h */,
				D668D7DD24B1D42900AE36BB /* SPSettingTopView.m */,
				D668D7DC24B1D42900AE36BB /* SPSettingTopView.xib */,
				D668D7DB24B1D42900AE36BB /* SPUpDownButton.h */,
				D668D7DF24B1D42900AE36BB /* SPUpDownButton.m */,
				D668D7DE24B1D42900AE36BB /* SPSettingTableViewCell.h */,
				D668D7D924B1D42800AE36BB /* SPSettingTableViewCell.m */,
				D668D7E024B1D42900AE36BB /* SPSettingTableViewCell.xib */,
			);
			path = View;
			sourceTree = "<group>";
		};
		D668D7E824B1D53000AE36BB /* Category(分类) */ = {
			isa = PBXGroup;
			children = (
				D66EF59824E69BF800E4CC3E /* CALayer+SPCustomerCALayer.h */,
				D66EF59724E69BF700E4CC3E /* CALayer+SPCustomerCALayer.m */,
				D668D7E924B1D53C00AE36BB /* UIView+SPExtension.h */,
				D668D7EA24B1D53C00AE36BB /* UIView+SPExtension.m */,
				D668D82F24B1FF2200AE36BB /* UIColor+DCColorChange.h */,
				D668D82E24B1FF2100AE36BB /* UIColor+DCColorChange.m */,
			);
			path = "Category(分类)";
			sourceTree = "<group>";
		};
		D668D7EC24B1D6DC00AE36BB /* AboutMe(关于我们) */ = {
			isa = PBXGroup;
			children = (
				D668D7EE24B1D6DC00AE36BB /* SPAboutMeViewController.h */,
				D668D7ED24B1D6DC00AE36BB /* SPAboutMeViewController.m */,
				D668D7EF24B1D6DC00AE36BB /* SPAboutMeViewController.xib */,
			);
			path = "AboutMe(关于我们)";
			sourceTree = "<group>";
		};
		D668D7F224B1D7C000AE36BB /* Tools(工具) */ = {
			isa = PBXGroup;
			children = (
				D668D7F324B1D7C000AE36BB /* SPSpeedy.m */,
				D668D7F424B1D7C000AE36BB /* SPSpeedy.h */,
			);
			path = "Tools(工具)";
			sourceTree = "<group>";
		};
		D668D7F624B1D98800AE36BB /* View(公用View) */ = {
			isa = PBXGroup;
			children = (
				D668D7FE24B1E1C100AE36BB /* TZTestCell.h */,
				D668D7FD24B1E1C100AE36BB /* TZTestCell.m */,
				D668D7FA24B1D9B300AE36BB /* LxGridViewFlowLayout.h */,
				D668D7FB24B1D9B300AE36BB /* LxGridViewFlowLayout.m */,
			);
			path = "View(公用View)";
			sourceTree = "<group>";
		};
		D668D80524B1F81C00AE36BB /* TableViewCell */ = {
			isa = PBXGroup;
			children = (
				D668D85424B2071A00AE36BB /* FirstSection */,
				D668D81924B1FD6200AE36BB /* SecondSection */,
				D65C540024E2C27E00001C9E /* ThirdSection */,
			);
			path = TableViewCell;
			sourceTree = "<group>";
		};
		D668D81924B1FD6200AE36BB /* SecondSection */ = {
			isa = PBXGroup;
			children = (
				D668D86024B207CB00AE36BB /* DCCenterServiceCell.h */,
				D668D86224B207CC00AE36BB /* DCCenterServiceCell.m */,
				D668D86624B207CE00AE36BB /* DCCenterServiceCell.xib */,
				D668D86324B207CD00AE36BB /* DCGoodsGridCell.h */,
				D668D86524B207CD00AE36BB /* DCGoodsGridCell.m */,
				D668D86124B207CC00AE36BB /* DCGridItem.h */,
				D668D86424B207CD00AE36BB /* DCGridItem.m */,
			);
			path = SecondSection;
			sourceTree = "<group>";
		};
		D668D82524B1FECE00AE36BB /* Vendors(第三方) */ = {
			isa = PBXGroup;
			children = (
				D668D82724B1FEE600AE36BB /* CDDTitleRolling */,
			);
			path = "Vendors(第三方)";
			sourceTree = "<group>";
		};
		D668D82724B1FEE600AE36BB /* CDDTitleRolling */ = {
			isa = PBXGroup;
			children = (
				D668D82824B1FEE600AE36BB /* UIView+DCRolling.h */,
				D668D82B24B1FEE600AE36BB /* UIView+DCRolling.m */,
				D668D82924B1FEE600AE36BB /* DCTitleRolling.h */,
				D668D82A24B1FEE600AE36BB /* DCTitleRolling.m */,
			);
			path = CDDTitleRolling;
			sourceTree = "<group>";
		};
		D668D85424B2071A00AE36BB /* FirstSection */ = {
			isa = PBXGroup;
			children = (
				D668D85624B2073B00AE36BB /* DCCenterItemCell.h */,
				D668D85924B2073C00AE36BB /* DCCenterItemCell.m */,
				D668D85B24B2073D00AE36BB /* DCStateItemCell.h */,
				D668D85A24B2073D00AE36BB /* DCStateItemCell.m */,
				D668D85724B2073B00AE36BB /* DCStateItemCell.xib */,
				D668D85524B2073B00AE36BB /* DCStateItemFooterView.h */,
				D668D85824B2073C00AE36BB /* DCStateItemFooterView.m */,
			);
			path = FirstSection;
			sourceTree = "<group>";
		};
		D66A3F552499B69D00AF10F5 /* Main(主要) */ = {
			isa = PBXGroup;
			children = (
				D66A3F562499B6C800AF10F5 /* Controller */,
			);
			path = "Main(主要)";
			sourceTree = "<group>";
		};
		D66A3F562499B6C800AF10F5 /* Controller */ = {
			isa = PBXGroup;
			children = (
				D66A3F572499B75900AF10F5 /* KJTabBarController.h */,
				D66A3F582499B75900AF10F5 /* KJTabBarController.m */,
				D66A3F602499D8CC00AF10F5 /* KJNavigationController.h */,
				D66A3F612499D8CC00AF10F5 /* KJNavigationController.m */,
			);
			path = Controller;
			sourceTree = "<group>";
		};
		D66A3F5B2499C2F400AF10F5 /* Expand(拓展) */ = {
			isa = PBXGroup;
			children = (
				D668D7F624B1D98800AE36BB /* View(公用View) */,
				D668D7E824B1D53000AE36BB /* Category(分类) */,
				D679D85F24AAF6AB004F1463 /* Consts(常量) */,
				D66A3F632499E21200AF10F5 /* ATAppUpdater(更新) */,
				D66A3F5C2499C33100AF10F5 /* Headers(头文件) */,
				D66A3F5E2499C51400AF10F5 /* Macros(宏) */,
				D668D7F224B1D7C000AE36BB /* Tools(工具) */,
				D668D82524B1FECE00AE36BB /* Vendors(第三方) */,
			);
			path = "Expand(拓展)";
			sourceTree = "<group>";
		};
		D66A3F5C2499C33100AF10F5 /* Headers(头文件) */ = {
			isa = PBXGroup;
			children = (
				D66A3F5D2499C38E00AF10F5 /* Headers.h */,
			);
			path = "Headers(头文件)";
			sourceTree = "<group>";
		};
		D66A3F5E2499C51400AF10F5 /* Macros(宏) */ = {
			isa = PBXGroup;
			children = (
				D66A3F5F2499C53E00AF10F5 /* Macros.h */,
			);
			path = "Macros(宏)";
			sourceTree = "<group>";
		};
		D66A3F632499E21200AF10F5 /* ATAppUpdater(更新) */ = {
			isa = PBXGroup;
			children = (
				D66A3F652499E22500AF10F5 /* ATAppUpdater.h */,
				D66A3F642499E22500AF10F5 /* ATAppUpdater.m */,
			);
			path = "ATAppUpdater(更新)";
			sourceTree = "<group>";
		};
		D66A3F672499E48A00AF10F5 /* PersonalCenter(个人中心) */ = {
			isa = PBXGroup;
			children = (
				D6B9E90424EBCDC400686E42 /* kucun(库存) */,
				D63CC9FD24E5227200D8815F /* daokuan(到款) */,
				D66D847B24B5CBF800B34335 /* WebView(网页) */,
				D668D7EC24B1D6DC00AE36BB /* AboutMe(关于我们) */,
				D668D7D224B1D42800AE36BB /* Setting(设置) */,
				D668D7BB24B1CA3F00AE36BB /* LBXAlertAction */,
				D668D7B524B1C7A200AE36BB /* Scan(扫码) */,
				D66A3F682499E4E200AF10F5 /* Login(登录) */,
				D6BAF52824A785F8004B24AA /* Model */,
				D6BAF52924A785F8004B24AA /* Tool */,
				D668D7AD24B1BD1A00AE36BB /* View */,
				D6BAF52724A785F8004B24AA /* Controller */,
			);
			path = "PersonalCenter(个人中心)";
			sourceTree = "<group>";
		};
		D66A3F682499E4E200AF10F5 /* Login(登录) */ = {
			isa = PBXGroup;
			children = (
				D66A3F692499E51200AF10F5 /* Model */,
				D66A3F6D2499E8F400AF10F5 /* Tool */,
				D63A942C249F82B500DF546C /* View */,
				D63A9428249F81AD00DF546C /* Controller */,
			);
			path = "Login(登录)";
			sourceTree = "<group>";
		};
		D66A3F692499E51200AF10F5 /* Model */ = {
			isa = PBXGroup;
			children = (
				D66A3F6A2499E61400AF10F5 /* KJLoginResult.h */,
				D66A3F6B2499E61400AF10F5 /* KJLoginResult.m */,
				D63A9436249F986200DF546C /* KJLoginParam.h */,
				D63A9437249F986200DF546C /* KJLoginParam.m */,
				D66DEDD824EA0F29009D8C96 /* KJCyResult.h */,
				D66DEDD924EA0F29009D8C96 /* KJCyResult.m */,
			);
			path = Model;
			sourceTree = "<group>";
		};
		D66A3F6D2499E8F400AF10F5 /* Tool */ = {
			isa = PBXGroup;
			children = (
				D66A3F6E2499E90D00AF10F5 /* KJAccountTool.h */,
				D66A3F6F2499E90D00AF10F5 /* KJAccountTool.m */,
				D6BAF51E24A763C8004B24AA /* KJLoginTool.h */,
				D6BAF51F24A763C8004B24AA /* KJLoginTool.m */,
			);
			path = Tool;
			sourceTree = "<group>";
		};
		D66CCB2C24B2F4A70038CCE7 /* Resource(资源) */ = {
			isa = PBXGroup;
			children = (
				D66CCB2D24B2F4A70038CCE7 /* Plist */,
			);
			path = "Resource(资源)";
			sourceTree = "<group>";
		};
		D66CCB2D24B2F4A70038CCE7 /* Plist */ = {
			isa = PBXGroup;
			children = (
				D637693624B478BB00A23672 /* order.plist */,
				D637693824B47AC300A23672 /* service.plist */,
				D66E369B24E385D300EEE2C7 /* business.plist */,
				D66CCB2E24B2F4A70038CCE7 /* MyCenterFlow.plist */,
				D66CCB2F24B2F4A70038CCE7 /* MyServiceFlow.plist */,
			);
			path = Plist;
			sourceTree = "<group>";
		};
		D66D847B24B5CBF800B34335 /* WebView(网页) */ = {
			isa = PBXGroup;
			children = (
				D66D847D24B5CBF900B34335 /* View */,
				D66D847C24B5CBF800B34335 /* Controller */,
			);
			path = "WebView(网页)";
			sourceTree = "<group>";
		};
		D66D847C24B5CBF800B34335 /* Controller */ = {
			isa = PBXGroup;
			children = (
				D66D847E24B5CC3300B34335 /* KJBrowseViewController.h */,
				D66D847F24B5CC3300B34335 /* KJBrowseViewController.m */,
			);
			path = Controller;
			sourceTree = "<group>";
		};
		D66D847D24B5CBF900B34335 /* View */ = {
			isa = PBXGroup;
			children = (
			);
			path = View;
			sourceTree = "<group>";
		};
		D679D85F24AAF6AB004F1463 /* Consts(常量) */ = {
			isa = PBXGroup;
			children = (
				D679D86024AAF6D5004F1463 /* KJConsts.h */,
				D679D86124AAF6D5004F1463 /* KJConsts.m */,
			);
			path = "Consts(常量)";
			sourceTree = "<group>";
		};
		D6B9E8F624EB6EB500686E42 /* Model */ = {
			isa = PBXGroup;
			children = (
				D6B9E8FE24EB7AD900686E42 /* KJDaokuanResult.h */,
				D6B9E8FF24EB7AD900686E42 /* KJDaokuanResult.m */,
				D6B9E90124EB7BA800686E42 /* KJDaokuan.h */,
				D6B9E90224EB7BA800686E42 /* KJDaokuan.m */,
				D6B9E8F824EB6EEA00686E42 /* KJDaokuanParam.h */,
				D6B9E8F924EB6EEA00686E42 /* KJDaokuanParam.m */,
			);
			path = Model;
			sourceTree = "<group>";
		};
		D6B9E8F724EB6EC800686E42 /* Tool */ = {
			isa = PBXGroup;
			children = (
				D6B9E8FB24EB71C200686E42 /* KJDaokuanTool.h */,
				D6B9E8FC24EB71C200686E42 /* KJDaokuanTool.m */,
			);
			path = Tool;
			sourceTree = "<group>";
		};
		D6B9E90424EBCDC400686E42 /* kucun(库存) */ = {
			isa = PBXGroup;
			children = (
				D6B9E90524EBCDF600686E42 /* Model */,
				D6B9E90824EBCDF600686E42 /* Tool */,
				D6B9E90624EBCDF600686E42 /* View */,
				D6B9E90724EBCDF600686E42 /* Controller */,
			);
			path = "kucun(库存)";
			sourceTree = "<group>";
		};
		D6B9E90524EBCDF600686E42 /* Model */ = {
			isa = PBXGroup;
			children = (
				D6B9E90F24EBD1E400686E42 /* KJKuCunParam.h */,
				D6B9E91024EBD1E400686E42 /* KJKuCunParam.m */,
				D6B9E91524EBD27200686E42 /* KJKuCunResult.h */,
				D6B9E91624EBD27200686E42 /* KJKuCunResult.m */,
				D6B9E91824EBD4BE00686E42 /* KJKuCun.h */,
				D6B9E91924EBD4BE00686E42 /* KJKuCun.m */,
			);
			path = Model;
			sourceTree = "<group>";
		};
		D6B9E90624EBCDF600686E42 /* View */ = {
			isa = PBXGroup;
			children = (
				D6B9E90C24EBCE8B00686E42 /* KJKuCunSearchView.h */,
				D6B9E90D24EBCE8B00686E42 /* KJKuCunSearchView.m */,
				D6B9E92024EBDAE400686E42 /* KJKuCunSearchView.xib */,
				D6B9E91B24EBD5CE00686E42 /* KJKuCunTableHeaderView.h */,
				D6B9E91C24EBD5CE00686E42 /* KJKuCunTableHeaderView.m */,
				D6B9E91E24EBD5E600686E42 /* KJKuCunTableHeaderView.xib */,
				D66B246424ED2455009D48CF /* KJKuCunTableViewCell.h */,
				D66B246524ED2455009D48CF /* KJKuCunTableViewCell.m */,
				D66B246624ED2455009D48CF /* KJKuCunTableViewCell.xib */,
			);
			path = View;
			sourceTree = "<group>";
		};
		D6B9E90724EBCDF600686E42 /* Controller */ = {
			isa = PBXGroup;
			children = (
				D6B9E90924EBCE2000686E42 /* KJKuCunViewController.h */,
				D6B9E90A24EBCE2000686E42 /* KJKuCunViewController.m */,
			);
			path = Controller;
			sourceTree = "<group>";
		};
		D6B9E90824EBCDF600686E42 /* Tool */ = {
			isa = PBXGroup;
			children = (
				D6B9E91224EBD22000686E42 /* KJKuCunTool.h */,
				D6B9E91324EBD22000686E42 /* KJKuCunTool.m */,
			);
			path = Tool;
			sourceTree = "<group>";
		};
		D6BAF52724A785F8004B24AA /* Controller */ = {
			isa = PBXGroup;
			children = (
				D6BAF52A24A78620004B24AA /* KJMeViewController.h */,
				D6BAF52B24A78620004B24AA /* KJMeViewController.m */,
			);
			path = Controller;
			sourceTree = "<group>";
		};
		D6BAF52824A785F8004B24AA /* Model */ = {
			isa = PBXGroup;
			children = (
				D668D81224B1F8B700AE36BB /* DCStateItem.h */,
				D668D81324B1F8B800AE36BB /* DCStateItem.m */,
			);
			path = Model;
			sourceTree = "<group>";
		};
		D6BAF52924A785F8004B24AA /* Tool */ = {
			isa = PBXGroup;
			children = (
			);
			path = Tool;
			sourceTree = "<group>";
		};
		FFE593C9DE5567C6DF685808 /* Frameworks */ = {
			isa = PBXGroup;
			children = (
				F77620CDDA0D65D619E04FC8 /* Pods_HYKJ.framework */,
			);
			name = Frameworks;
			sourceTree = "<group>";
		};
/* End PBXGroup section */

/* Begin PBXNativeTarget section */
		D65C45452498860A0042E42E /* HYKJ */ = {
			isa = PBXNativeTarget;
			buildConfigurationList = D65C455F2498860C0042E42E /* Build configuration list for PBXNativeTarget "HYKJ" */;
			buildPhases = (
				B9BF8CBDC49B69B054E59969 /* [CP] Check Pods Manifest.lock */,
				D65C45422498860A0042E42E /* Sources */,
				D65C45432498860A0042E42E /* Frameworks */,
				D65C45442498860A0042E42E /* Resources */,
				94DA2A11435E7C3B0BD508BD /* [CP] Embed Pods Frameworks */,
			);
			buildRules = (
			);
			dependencies = (
			);
			name = HYKJ;
			productName = HYKJ;
			productReference = D65C45462498860A0042E42E /* 鸿雁客家.app */;
			productType = "com.apple.product-type.application";
		};
/* End PBXNativeTarget section */

/* Begin PBXProject section */
		D65C453E2498860A0042E42E /* Project object */ = {
			isa = PBXProject;
			attributes = {
				CLASSPREFIX = KJ;
				LastUpgradeCheck = 1140;
				ORGANIZATIONNAME = hongyan;
				TargetAttributes = {
					D65C45452498860A0042E42E = {
						CreatedOnToolsVersion = 11.4.1;
					};
				};
			};
			buildConfigurationList = D65C45412498860A0042E42E /* Build configuration list for PBXProject "HYKJ" */;
			compatibilityVersion = "Xcode 9.3";
			developmentRegion = en;
			hasScannedForEncodings = 0;
			knownRegions = (
				en,
				Base,
			);
			mainGroup = D65C453D2498860A0042E42E;
			productRefGroup = D65C45472498860A0042E42E /* Products */;
			projectDirPath = "";
			projectRoot = "";
			targets = (
				D65C45452498860A0042E42E /* HYKJ */,
			);
		};
/* End PBXProject section */

/* Begin PBXResourcesBuildPhase section */
		D65C45442498860A0042E42E /* Resources */ = {
			isa = PBXResourcesBuildPhase;
			buildActionMask = 2147483647;
			files = (
				D65C542224E2C36A00001C9E /* TDCenterServiceCell.xib in Resources */,
				D637693924B47AC300A23672 /* service.plist in Resources */,
				D668D7E424B1D42900AE36BB /* SPSettingTopView.xib in Resources */,
				D66B246824ED2455009D48CF /* KJKuCunTableViewCell.xib in Resources */,
				D668D7F124B1D6DC00AE36BB /* SPAboutMeViewController.xib in Resources */,
				D668D86A24B207CE00AE36BB /* DCCenterServiceCell.xib in Resources */,
				D66DEDDF24EA2F40009D8C96 /* KJDataPickerView.xib in Resources */,
				D66EF59624E6899700E4CC3E /* KJDaoKuanSearchView.xib in Resources */,
				D66CCB3024B2F4A70038CCE7 /* MyCenterFlow.plist in Resources */,
				D6A9A97924E56A040073E932 /* KJDaoKuanTableViewCell.xib in Resources */,
				D65C45592498860C0042E42E /* LaunchScreen.storyboard in Resources */,
				D6B9E92124EBDAE400686E42 /* KJKuCunSearchView.xib in Resources */,
				D6B9E91F24EBD5E600686E42 /* KJKuCunTableHeaderView.xib in Resources */,
				D66CCB3124B2F4A70038CCE7 /* MyServiceFlow.plist in Resources */,
				D65C45562498860C0042E42E /* Images.xcassets in Resources */,
				D668D80324B1F3F600AE36BB /* SPPersonCenterHeaderView.xib in Resources */,
				D66D2A5524E8B9FD00DA0E42 /* KJDatePickerView.xib in Resources */,
				D65C45542498860A0042E42E /* Main.storyboard in Resources */,
				D637693724B478BC00A23672 /* order.plist in Resources */,
				D668D7E724B1D42900AE36BB /* SPSettingTableViewCell.xib in Resources */,
				D66E369C24E385D300EEE2C7 /* business.plist in Resources */,
				D668D85C24B2073D00AE36BB /* DCStateItemCell.xib in Resources */,
				D66EF57D24E669D500E4CC3E /* KJDaoKuanTableHeaderView.xib in Resources */,
			);
			runOnlyForDeploymentPostprocessing = 0;
		};
/* End PBXResourcesBuildPhase section */

/* Begin PBXShellScriptBuildPhase section */
		94DA2A11435E7C3B0BD508BD /* [CP] Embed Pods Frameworks */ = {
			isa = PBXShellScriptBuildPhase;
			buildActionMask = 2147483647;
			files = (
			);
			inputFileListPaths = (
				"${PODS_ROOT}/Target Support Files/Pods-HYKJ/Pods-HYKJ-frameworks-${CONFIGURATION}-input-files.xcfilelist",
			);
			name = "[CP] Embed Pods Frameworks";
			outputFileListPaths = (
				"${PODS_ROOT}/Target Support Files/Pods-HYKJ/Pods-HYKJ-frameworks-${CONFIGURATION}-output-files.xcfilelist",
			);
			runOnlyForDeploymentPostprocessing = 0;
			shellPath = /bin/sh;
			shellScript = "\"${PODS_ROOT}/Target Support Files/Pods-HYKJ/Pods-HYKJ-frameworks.sh\"\n";
			showEnvVarsInLog = 0;
		};
		B9BF8CBDC49B69B054E59969 /* [CP] Check Pods Manifest.lock */ = {
			isa = PBXShellScriptBuildPhase;
			buildActionMask = 2147483647;
			files = (
			);
			inputFileListPaths = (
			);
			inputPaths = (
				"${PODS_PODFILE_DIR_PATH}/Podfile.lock",
				"${PODS_ROOT}/Manifest.lock",
			);
			name = "[CP] Check Pods Manifest.lock";
			outputFileListPaths = (
			);
			outputPaths = (
				"$(DERIVED_FILE_DIR)/Pods-HYKJ-checkManifestLockResult.txt",
			);
			runOnlyForDeploymentPostprocessing = 0;
			shellPath = /bin/sh;
			shellScript = "diff \"${PODS_PODFILE_DIR_PATH}/Podfile.lock\" \"${PODS_ROOT}/Manifest.lock\" > /dev/null\nif [ $? != 0 ] ; then\n    # print error to STDERR\n    echo \"error: The sandbox is not in sync with the Podfile.lock. Run 'pod install' or update your CocoaPods installation.\" >&2\n    exit 1\nfi\n# This output is used by Xcode 'outputs' to avoid re-running this script phase.\necho \"SUCCESS\" > \"${SCRIPT_OUTPUT_FILE_0}\"\n";
			showEnvVarsInLog = 0;
		};
/* End PBXShellScriptBuildPhase section */

/* Begin PBXSourcesBuildPhase section */
		D65C45422498860A0042E42E /* Sources */ = {
			isa = PBXSourcesBuildPhase;
			buildActionMask = 2147483647;
			files = (
				D63A9438249F986200DF546C /* KJLoginParam.m in Sources */,
				D66D2A5B24E8C78500DA0E42 /* KJCoverView.m in Sources */,
				D65C454B2498860A0042E42E /* AppDelegate.m in Sources */,
				D668D7F524B1D7C000AE36BB /* SPSpeedy.m in Sources */,
				D66D848024B5CC3300B34335 /* KJBrowseViewController.m in Sources */,
				D63A9432249F8F9200DF546C /* KJLoginFooterView.m in Sources */,
				D66A3F622499D8CC00AF10F5 /* KJNavigationController.m in Sources */,
				D637693224B3F91A00A23672 /* KJCategroyViewController.m in Sources */,
				D66A3F702499E90D00AF10F5 /* KJAccountTool.m in Sources */,
				D63A9435249F978400DF546C /* KJPasswordLoginView.m in Sources */,
				D668D7CC24B1CA4000AE36BB /* UIActionSheet+LBXAlertAction.m in Sources */,
				D668D85E24B2073D00AE36BB /* DCCenterItemCell.m in Sources */,
				D65C455C2498860C0042E42E /* main.m in Sources */,
				D6B9E91A24EBD4BE00686E42 /* KJKuCun.m in Sources */,
				D6A9A97C24E5748F0073E932 /* KJLongTextScrollView.m in Sources */,
				D668D7C924B1CA4000AE36BB /* LBXAlertAction.m in Sources */,
				D63A942B249F81E800DF546C /* KJLoginViewController.m in Sources */,
				D6B9E91124EBD1E400686E42 /* KJKuCunParam.m in Sources */,
				D6BAF52F24A79977004B24AA /* KJTool.m in Sources */,
				D66B246724ED2455009D48CF /* KJKuCunTableViewCell.m in Sources */,
				D66EF59924E69BF800E4CC3E /* CALayer+SPCustomerCALayer.m in Sources */,
				D668D7FC24B1D9B300AE36BB /* LxGridViewFlowLayout.m in Sources */,
				D65C542024E2C36A00001C9E /* TDGridItem.m in Sources */,
				D668D85D24B2073D00AE36BB /* DCStateItemFooterView.m in Sources */,
				D65C542324E2C36A00001C9E /* TDCenterServiceCell.m in Sources */,
				D679D86224AAF6D5004F1463 /* KJConsts.m in Sources */,
				D6BAF52324A78119004B24AA /* KJHYTool.m in Sources */,
				D668D7D124B1D00300AE36BB /* KJStyleDIY.m in Sources */,
				D66A3F662499E22500AF10F5 /* ATAppUpdater.m in Sources */,
				D668D7B424B1C15400AE36BB /* KJCenterTopToolView.m in Sources */,
				D66D2A5324E8B9C700DA0E42 /* KJDatePickerView.m in Sources */,
				D66A3F6C2499E61400AF10F5 /* KJLoginResult.m in Sources */,
				D668D86924B207CE00AE36BB /* DCGoodsGridCell.m in Sources */,
				D66A3F592499B75900AF10F5 /* KJTabBarController.m in Sources */,
				D668D7E324B1D42900AE36BB /* SPSettingTableViewCell.m in Sources */,
				D668D7CB24B1CA4000AE36BB /* UIWindow+LBXHierarchy.m in Sources */,
				D654F7322498DF7C002F66A3 /* KJHttpTool.m in Sources */,
				D6B9E90324EB7BA800686E42 /* KJDaokuan.m in Sources */,
				D66EF57B24E669C800E4CC3E /* KJDaoKuanTableHeaderView.m in Sources */,
				D668D7BA24B1C7E600AE36BB /* KJScanViewController.m in Sources */,
				D668D7FF24B1E1C100AE36BB /* TZTestCell.m in Sources */,
				D668D7EB24B1D53C00AE36BB /* UIView+SPExtension.m in Sources */,
				D6BAF52024A763C8004B24AA /* KJLoginTool.m in Sources */,
				D668D7F024B1D6DC00AE36BB /* SPAboutMeViewController.m in Sources */,
				D6B9E91724EBD27200686E42 /* KJKuCunResult.m in Sources */,
				D668D7CD24B1CA4000AE36BB /* UIAlertView+LBXAlertAction.m in Sources */,
				D6BAF52624A78570004B24AA /* KJIndexViewController.m in Sources */,
				D6B9E8FD24EB71C200686E42 /* KJDaokuanTool.m in Sources */,
				D6B9E90B24EBCE2000686E42 /* KJKuCunViewController.m in Sources */,
				D668D85F24B2073D00AE36BB /* DCStateItemCell.m in Sources */,
				D66EF59424E6897300E4CC3E /* KJDaoKuanSearchView.m in Sources */,
				D637693524B3F92F00A23672 /* KJCartViewController.m in Sources */,
				D668D80424B1F3F600AE36BB /* SPPersonCenterHeaderView.m in Sources */,
				D668D7CE24B1CA4000AE36BB /* UIAlertController+supportedInterfaceOrientations.m in Sources */,
				D65C542124E2C36A00001C9E /* TDGoodsGridCell.m in Sources */,
				D668D86724B207CE00AE36BB /* DCCenterServiceCell.m in Sources */,
				D6B9E90E24EBCE8B00686E42 /* KJKuCunSearchView.m in Sources */,
				D6B9E90024EB7AD900686E42 /* KJDaokuanResult.m in Sources */,
				D668D83024B1FF2200AE36BB /* UIColor+DCColorChange.m in Sources */,
				D668D81424B1F8B800AE36BB /* DCStateItem.m in Sources */,
				D668D82D24B1FEE600AE36BB /* UIView+DCRolling.m in Sources */,
				D66DEDDA24EA0F29009D8C96 /* KJCyResult.m in Sources */,
				D6B9E8FA24EB6EEA00686E42 /* KJDaokuanParam.m in Sources */,
				D66DEDDD24EA2F1A009D8C96 /* KJDataPickerView.m in Sources */,
				D63CCA0224E522C000D8815F /* KJDaoKuanViewController.m in Sources */,
				D668D82C24B1FEE600AE36BB /* DCTitleRolling.m in Sources */,
				D63A942F249F82DD00DF546C /* KJLoginHeaderView.m in Sources */,
				D668D86824B207CE00AE36BB /* DCGridItem.m in Sources */,
				D6B9E91424EBD22000686E42 /* KJKuCunTool.m in Sources */,
				D6B9E91D24EBD5CE00686E42 /* KJKuCunTableHeaderView.m in Sources */,
				D668D7E524B1D42900AE36BB /* SPSettingTopView.m in Sources */,
				D6BAF52C24A78620004B24AA /* KJMeViewController.m in Sources */,
				D668D7E224B1D42900AE36BB /* SPSettingViewController.m in Sources */,
				D668D7E624B1D42900AE36BB /* SPUpDownButton.m in Sources */,
				D6A9A97824E56A040073E932 /* KJDaoKuanTableViewCell.m in Sources */,
				D668D7CA24B1CA4000AE36BB /* KJScanResultViewController.m in Sources */,
			);
			runOnlyForDeploymentPostprocessing = 0;
		};
/* End PBXSourcesBuildPhase section */

/* Begin PBXVariantGroup section */
		D65C45522498860A0042E42E /* Main.storyboard */ = {
			isa = PBXVariantGroup;
			children = (
				D65C45532498860A0042E42E /* Base */,
			);
			name = Main.storyboard;
			sourceTree = "<group>";
		};
		D65C45572498860C0042E42E /* LaunchScreen.storyboard */ = {
			isa = PBXVariantGroup;
			children = (
				D65C45582498860C0042E42E /* Base */,
			);
			name = LaunchScreen.storyboard;
			sourceTree = "<group>";
		};
/* End PBXVariantGroup section */

/* Begin XCBuildConfiguration section */
		D65C455D2498860C0042E42E /* Debug */ = {
			isa = XCBuildConfiguration;
			buildSettings = {
				ALWAYS_SEARCH_USER_PATHS = NO;
				CLANG_ANALYZER_NONNULL = YES;
				CLANG_ANALYZER_NUMBER_OBJECT_CONVERSION = YES_AGGRESSIVE;
				CLANG_CXX_LANGUAGE_STANDARD = "gnu++14";
				CLANG_CXX_LIBRARY = "libc++";
				CLANG_ENABLE_MODULES = YES;
				CLANG_ENABLE_OBJC_ARC = YES;
				CLANG_ENABLE_OBJC_WEAK = YES;
				CLANG_WARN_BLOCK_CAPTURE_AUTORELEASING = YES;
				CLANG_WARN_BOOL_CONVERSION = YES;
				CLANG_WARN_COMMA = YES;
				CLANG_WARN_CONSTANT_CONVERSION = YES;
				CLANG_WARN_DEPRECATED_OBJC_IMPLEMENTATIONS = YES;
				CLANG_WARN_DIRECT_OBJC_ISA_USAGE = YES_ERROR;
				CLANG_WARN_DOCUMENTATION_COMMENTS = YES;
				CLANG_WARN_EMPTY_BODY = YES;
				CLANG_WARN_ENUM_CONVERSION = YES;
				CLANG_WARN_INFINITE_RECURSION = YES;
				CLANG_WARN_INT_CONVERSION = YES;
				CLANG_WARN_NON_LITERAL_NULL_CONVERSION = YES;
				CLANG_WARN_OBJC_IMPLICIT_RETAIN_SELF = YES;
				CLANG_WARN_OBJC_LITERAL_CONVERSION = YES;
				CLANG_WARN_OBJC_ROOT_CLASS = YES_ERROR;
				CLANG_WARN_RANGE_LOOP_ANALYSIS = YES;
				CLANG_WARN_STRICT_PROTOTYPES = YES;
				CLANG_WARN_SUSPICIOUS_MOVE = YES;
				CLANG_WARN_UNGUARDED_AVAILABILITY = YES_AGGRESSIVE;
				CLANG_WARN_UNREACHABLE_CODE = YES;
				CLANG_WARN__DUPLICATE_METHOD_MATCH = YES;
				COPY_PHASE_STRIP = NO;
				DEBUG_INFORMATION_FORMAT = dwarf;
				ENABLE_STRICT_OBJC_MSGSEND = YES;
				ENABLE_TESTABILITY = YES;
				GCC_C_LANGUAGE_STANDARD = gnu11;
				GCC_DYNAMIC_NO_PIC = NO;
				GCC_NO_COMMON_BLOCKS = YES;
				GCC_OPTIMIZATION_LEVEL = 0;
				GCC_PREPROCESSOR_DEFINITIONS = (
					"DEBUG=1",
					"$(inherited)",
				);
				GCC_WARN_64_TO_32_BIT_CONVERSION = YES;
				GCC_WARN_ABOUT_RETURN_TYPE = YES_ERROR;
				GCC_WARN_UNDECLARED_SELECTOR = YES;
				GCC_WARN_UNINITIALIZED_AUTOS = YES_AGGRESSIVE;
				GCC_WARN_UNUSED_FUNCTION = YES;
				GCC_WARN_UNUSED_VARIABLE = YES;
				IPHONEOS_DEPLOYMENT_TARGET = 8.0;
				MTL_ENABLE_DEBUG_INFO = INCLUDE_SOURCE;
				MTL_FAST_MATH = YES;
				ONLY_ACTIVE_ARCH = YES;
				SDKROOT = iphoneos;
			};
			name = Debug;
		};
		D65C455E2498860C0042E42E /* Release */ = {
			isa = XCBuildConfiguration;
			buildSettings = {
				ALWAYS_SEARCH_USER_PATHS = NO;
				CLANG_ANALYZER_NONNULL = YES;
				CLANG_ANALYZER_NUMBER_OBJECT_CONVERSION = YES_AGGRESSIVE;
				CLANG_CXX_LANGUAGE_STANDARD = "gnu++14";
				CLANG_CXX_LIBRARY = "libc++";
				CLANG_ENABLE_MODULES = YES;
				CLANG_ENABLE_OBJC_ARC = YES;
				CLANG_ENABLE_OBJC_WEAK = YES;
				CLANG_WARN_BLOCK_CAPTURE_AUTORELEASING = YES;
				CLANG_WARN_BOOL_CONVERSION = YES;
				CLANG_WARN_COMMA = YES;
				CLANG_WARN_CONSTANT_CONVERSION = YES;
				CLANG_WARN_DEPRECATED_OBJC_IMPLEMENTATIONS = YES;
				CLANG_WARN_DIRECT_OBJC_ISA_USAGE = YES_ERROR;
				CLANG_WARN_DOCUMENTATION_COMMENTS = YES;
				CLANG_WARN_EMPTY_BODY = YES;
				CLANG_WARN_ENUM_CONVERSION = YES;
				CLANG_WARN_INFINITE_RECURSION = YES;
				CLANG_WARN_INT_CONVERSION = YES;
				CLANG_WARN_NON_LITERAL_NULL_CONVERSION = YES;
				CLANG_WARN_OBJC_IMPLICIT_RETAIN_SELF = YES;
				CLANG_WARN_OBJC_LITERAL_CONVERSION = YES;
				CLANG_WARN_OBJC_ROOT_CLASS = YES_ERROR;
				CLANG_WARN_RANGE_LOOP_ANALYSIS = YES;
				CLANG_WARN_STRICT_PROTOTYPES = YES;
				CLANG_WARN_SUSPICIOUS_MOVE = YES;
				CLANG_WARN_UNGUARDED_AVAILABILITY = YES_AGGRESSIVE;
				CLANG_WARN_UNREACHABLE_CODE = YES;
				CLANG_WARN__DUPLICATE_METHOD_MATCH = YES;
				COPY_PHASE_STRIP = NO;
				DEBUG_INFORMATION_FORMAT = "dwarf-with-dsym";
				ENABLE_NS_ASSERTIONS = NO;
				ENABLE_STRICT_OBJC_MSGSEND = YES;
				GCC_C_LANGUAGE_STANDARD = gnu11;
				GCC_NO_COMMON_BLOCKS = YES;
				GCC_WARN_64_TO_32_BIT_CONVERSION = YES;
				GCC_WARN_ABOUT_RETURN_TYPE = YES_ERROR;
				GCC_WARN_UNDECLARED_SELECTOR = YES;
				GCC_WARN_UNINITIALIZED_AUTOS = YES_AGGRESSIVE;
				GCC_WARN_UNUSED_FUNCTION = YES;
				GCC_WARN_UNUSED_VARIABLE = YES;
				IPHONEOS_DEPLOYMENT_TARGET = 8.0;
				MTL_ENABLE_DEBUG_INFO = NO;
				MTL_FAST_MATH = YES;
				SDKROOT = iphoneos;
				VALIDATE_PRODUCT = YES;
			};
			name = Release;
		};
		D65C45602498860C0042E42E /* Debug */ = {
			isa = XCBuildConfiguration;
			baseConfigurationReference = A05D32D7CFB1AA5513F8E227 /* Pods-HYKJ.debug.xcconfig */;
			buildSettings = {
				ASSETCATALOG_COMPILER_APPICON_NAME = AppIcon;
				ASSETCATALOG_COMPILER_LAUNCHIMAGE_NAME = "";
				CODE_SIGN_IDENTITY = "Apple Development";
				CODE_SIGN_STYLE = Automatic;
				DEVELOPMENT_TEAM = 8Y6S2469TB;
				GCC_PRECOMPILE_PREFIX_HEADER = YES;
				GCC_PREFIX_HEADER = "/Users/information/Desktop/guanqing/项目/HYKJ/HYKJ/Supporting Files/HYKJ.pch";
				INFOPLIST_FILE = "$(SRCROOT)/HYKJ/Supporting Files/Info.plist";
				IPHONEOS_DEPLOYMENT_TARGET = 9.0;
				LD_RUNPATH_SEARCH_PATHS = (
					"$(inherited)",
					"@executable_path/Frameworks",
				);
				MARKETING_VERSION = 1.0.3;
				PRODUCT_BUNDLE_IDENTIFIER = com.hongyan.HYKJ;
				PRODUCT_NAME = "鸿雁客家";
				PROVISIONING_PROFILE_SPECIFIER = "";
				TARGETED_DEVICE_FAMILY = 1;
			};
			name = Debug;
		};
		D65C45612498860C0042E42E /* Release */ = {
			isa = XCBuildConfiguration;
			baseConfigurationReference = F3C2B7926F4DBEB57613E06B /* Pods-HYKJ.release.xcconfig */;
			buildSettings = {
				ASSETCATALOG_COMPILER_APPICON_NAME = AppIcon;
				ASSETCATALOG_COMPILER_LAUNCHIMAGE_NAME = "";
				CODE_SIGN_IDENTITY = "Apple Development";
				CODE_SIGN_STYLE = Automatic;
				DEVELOPMENT_TEAM = 8Y6S2469TB;
				GCC_PRECOMPILE_PREFIX_HEADER = YES;
				GCC_PREFIX_HEADER = "/Users/information/Desktop/guanqing/项目/HYKJ/HYKJ/Supporting Files/HYKJ.pch";
				INFOPLIST_FILE = "$(SRCROOT)/HYKJ/Supporting Files/Info.plist";
				IPHONEOS_DEPLOYMENT_TARGET = 9.0;
				LD_RUNPATH_SEARCH_PATHS = (
					"$(inherited)",
					"@executable_path/Frameworks",
				);
				MARKETING_VERSION = 1.0.3;
				PRODUCT_BUNDLE_IDENTIFIER = com.hongyan.HYKJ;
				PRODUCT_NAME = "鸿雁客家";
				PROVISIONING_PROFILE_SPECIFIER = "";
				TARGETED_DEVICE_FAMILY = 1;
			};
			name = Release;
		};
/* End XCBuildConfiguration section */

/* Begin XCConfigurationList section */
		D65C45412498860A0042E42E /* Build configuration list for PBXProject "HYKJ" */ = {
			isa = XCConfigurationList;
			buildConfigurations = (
				D65C455D2498860C0042E42E /* Debug */,
				D65C455E2498860C0042E42E /* Release */,
			);
			defaultConfigurationIsVisible = 0;
			defaultConfigurationName = Release;
		};
		D65C455F2498860C0042E42E /* Build configuration list for PBXNativeTarget "HYKJ" */ = {
			isa = XCConfigurationList;
			buildConfigurations = (
				D65C45602498860C0042E42E /* Debug */,
				D65C45612498860C0042E42E /* Release */,
			);
			defaultConfigurationIsVisible = 0;
			defaultConfigurationName = Release;
		};
/* End XCConfigurationList section */
	};
	rootObject = D65C453E2498860A0042E42E /* Project object */;
}
